// !$*UTF8*$!
{
	archiveVersion = 1;
	classes = {
	};
	objectVersion = 46;
	objects = {

/* Begin PBXBuildFile section */
		8B0787C415113448006857A8 /* TableViewController.m in Sources */ = {isa = PBXBuildFile; fileRef = 8B0787C315113448006857A8 /* TableViewController.m */; };
		8B0787C715113796006857A8 /* Parts.m in Sources */ = {isa = PBXBuildFile; fileRef = 8B0787C615113796006857A8 /* Parts.m */; };
		8B544612150F0C3E007E1CA9 /* GradientView.m in Sources */ = {isa = PBXBuildFile; fileRef = 8B544611150F0C3E007E1CA9 /* GradientView.m */; };
		8B6BA1831708BF1B00E08D9D /* autograph_x.png in Resources */ = {isa = PBXBuildFile; fileRef = 8B6BA17E1708BF1B00E08D9D /* autograph_x.png */; };
		8B6BA1841708BF1B00E08D9D /* t1_logo.png in Resources */ = {isa = PBXBuildFile; fileRef = 8B6BA17F1708BF1B00E08D9D /* t1_logo.png */; };
		8BC58453150ABD87000AC695 /* UIKit.framework in Frameworks */ = {isa = PBXBuildFile; fileRef = 8BC58452150ABD87000AC695 /* UIKit.framework */; };
		8BC58455150ABD87000AC695 /* Foundation.framework in Frameworks */ = {isa = PBXBuildFile; fileRef = 8BC58454150ABD87000AC695 /* Foundation.framework */; };
		8BC58457150ABD87000AC695 /* CoreGraphics.framework in Frameworks */ = {isa = PBXBuildFile; fileRef = 8BC58456150ABD87000AC695 /* CoreGraphics.framework */; };
		8BC5845D150ABD87000AC695 /* InfoPlist.strings in Resources */ = {isa = PBXBuildFile; fileRef = 8BC5845B150ABD87000AC695 /* InfoPlist.strings */; };
		8BC5845F150ABD87000AC695 /* main.m in Sources */ = {isa = PBXBuildFile; fileRef = 8BC5845E150ABD87000AC695 /* main.m */; };
		8BC58463150ABD87000AC695 /* AppDelegate.m in Sources */ = {isa = PBXBuildFile; fileRef = 8BC58462150ABD87000AC695 /* AppDelegate.m */; };
		8BC58466150ABD87000AC695 /* ViewController.m in Sources */ = {isa = PBXBuildFile; fileRef = 8BC58465150ABD87000AC695 /* ViewController.m */; };
		8BC58469150ABD87000AC695 /* ViewController.xib in Resources */ = {isa = PBXBuildFile; fileRef = 8BC58467150ABD87000AC695 /* ViewController.xib */; };
		8BC58472150ABD88000AC695 /* UIKit.framework in Frameworks */ = {isa = PBXBuildFile; fileRef = 8BC58452150ABD87000AC695 /* UIKit.framework */; };
		8BC58473150ABD88000AC695 /* Foundation.framework in Frameworks */ = {isa = PBXBuildFile; fileRef = 8BC58454150ABD87000AC695 /* Foundation.framework */; };
		8BC5847B150ABD88000AC695 /* InfoPlist.strings in Resources */ = {isa = PBXBuildFile; fileRef = 8BC58479150ABD88000AC695 /* InfoPlist.strings */; };
		8BC5847E150ABD88000AC695 /* Inspection_Form_AppTests.m in Sources */ = {isa = PBXBuildFile; fileRef = 8BC5847D150ABD88000AC695 /* Inspection_Form_AppTests.m */; };
		8BC7D9D31522ACE000D1A863 /* QuartzCore.framework in Frameworks */ = {isa = PBXBuildFile; fileRef = 8BC7D9D21522ACE000D1A863 /* QuartzCore.framework */; };
		8BE08B22150D0AFE005B5E4C /* Customer.m in Sources */ = {isa = PBXBuildFile; fileRef = 8BE08B21150D0AFE005B5E4C /* Customer.m */; };
		8BE881F81513F82400360C63 /* ItemListConditionStorage.m in Sources */ = {isa = PBXBuildFile; fileRef = 8BE881F71513F82400360C63 /* ItemListConditionStorage.m */; };
		8BE881FC1513FA4200360C63 /* Condition.m in Sources */ = {isa = PBXBuildFile; fileRef = 8BE881FB1513FA4200360C63 /* Condition.m */; };
		8BE8C6FB151538B700D5C7F2 /* libsqlite3.dylib in Frameworks */ = {isa = PBXBuildFile; fileRef = 8BE8C6FA151538B700D5C7F2 /* libsqlite3.dylib */; };
		8BE9DE801616355800906B98 /* OrdinalNumberFormatter.m in Sources */ = {isa = PBXBuildFile; fileRef = 8BE9DE7F1616355800906B98 /* OrdinalNumberFormatter.m */; };
		8BECD3BC150E920500616735 /* Options.m in Sources */ = {isa = PBXBuildFile; fileRef = 8BECD3BB150E920500616735 /* Options.m */; };
		8BECD3BF150E934900616735 /* OptionList.m in Sources */ = {isa = PBXBuildFile; fileRef = 8BECD3BE150E934900616735 /* OptionList.m */; };
		8BF09E74153A53E200E1BCB3 /* Security.framework in Frameworks */ = {isa = PBXBuildFile; fileRef = 8BF09E73153A53E200E1BCB3 /* Security.framework */; };
		8BF10A9C152FB93D00DC5F05 /* TextField.m in Sources */ = {isa = PBXBuildFile; fileRef = 8BF10A9B152FB93D00DC5F05 /* TextField.m */; };
		8BF3877015239E1200C3F368 /* MessageUI.framework in Frameworks */ = {isa = PBXBuildFile; fileRef = 8BF3876F15239E1200C3F368 /* MessageUI.framework */; };
		CE147B661835C2EA005CC483 /* Part.m in Sources */ = {isa = PBXBuildFile; fileRef = CE147B651835C2EA005CC483 /* Part.m */; };
		CE147B691836844C005CC483 /* InspectionManager.m in Sources */ = {isa = PBXBuildFile; fileRef = CE147B681836844C005CC483 /* InspectionManager.m */; };
		CE27C2161821BB0000EDDFC1 /* CoreData.framework in Frameworks */ = {isa = PBXBuildFile; fileRef = CE27C2151821BB0000EDDFC1 /* CoreData.framework */; };
		CE27C22A1823537B00EDDFC1 /* Dropbox.framework in Frameworks */ = {isa = PBXBuildFile; fileRef = CE40D38D18087F290080E9BD /* Dropbox.framework */; };
		CE27C22B1823605500EDDFC1 /* Dropbox.framework in Frameworks */ = {isa = PBXBuildFile; fileRef = CE40D38D18087F290080E9BD /* Dropbox.framework */; };
		CE3992751805FD08003AE30B /* iPadMainStoryboard.storyboard in Resources */ = {isa = PBXBuildFile; fileRef = CE3992741805FD08003AE30B /* iPadMainStoryboard.storyboard */; };
		CE40D38B18087BC20080E9BD /* DataLayer.m in Sources */ = {isa = PBXBuildFile; fileRef = CE40D38A18087BC20080E9BD /* DataLayer.m */; };
		CE40D39018087F670080E9BD /* CFNetwork.framework in Frameworks */ = {isa = PBXBuildFile; fileRef = CE40D38F18087F670080E9BD /* CFNetwork.framework */; };
		CE40D39218087F810080E9BD /* SystemConfiguration.framework in Frameworks */ = {isa = PBXBuildFile; fileRef = CE40D39118087F810080E9BD /* SystemConfiguration.framework */; };
		CE40D39418087F970080E9BD /* libc++.dylib in Frameworks */ = {isa = PBXBuildFile; fileRef = CE40D39318087F970080E9BD /* libc++.dylib */; };
		CE40D39718088E340080E9BD /* Crane.m in Sources */ = {isa = PBXBuildFile; fileRef = CE40D39618088E340080E9BD /* Crane.m */; };
		CE40D39A180894300080E9BD /* PDFGenerator.m in Sources */ = {isa = PBXBuildFile; fileRef = CE40D399180894300080E9BD /* PDFGenerator.m */; };
		CE486ACB180C83E900B1B953 /* Inspection.m in Sources */ = {isa = PBXBuildFile; fileRef = CE486ACA180C83E900B1B953 /* Inspection.m */; };
		CE486AE2180F17DC00B1B953 /* MasterViewController.m in Sources */ = {isa = PBXBuildFile; fileRef = CE486AE1180F17DC00B1B953 /* MasterViewController.m */; };
		CE486AE6180F1E4200B1B953 /* InspectionViewController.m in Sources */ = {isa = PBXBuildFile; fileRef = CE486AE5180F1E4200B1B953 /* InspectionViewController.m */; };
		CE6F9359182416EA008E1DDC /* XCTest.framework in Frameworks */ = {isa = PBXBuildFile; fileRef = CE27C21F18234FC100EDDFC1 /* XCTest.framework */; };
		CE798DB7180F369600C2E5A0 /* InspectionBussiness.m in Sources */ = {isa = PBXBuildFile; fileRef = CE798DB6180F369600C2E5A0 /* InspectionBussiness.m */; };
		CE8028AD1837337C00B40DCB /* iPhoneStoryboard.storyboard in Resources */ = {isa = PBXBuildFile; fileRef = CE8028AC1837337C00B40DCB /* iPhoneStoryboard.storyboard */; };
		CE9775D91718C2660037967E /* logo.jpg in Resources */ = {isa = PBXBuildFile; fileRef = CE9775D81718C2660037967E /* logo.jpg */; };
		CE9A27381716A63200FE3D32 /* ipadAppLogo.jpg in Resources */ = {isa = PBXBuildFile; fileRef = CE9A27371716A63200FE3D32 /* ipadAppLogo.jpg */; };
		CE9A273C1716A70E00FE3D32 /* titlePageLogo.jpg in Resources */ = {isa = PBXBuildFile; fileRef = CE9A273B1716A70E00FE3D32 /* titlePageLogo.jpg */; };
		CEFD6D2D1839575E001764E9 /* CraneView.xib in Resources */ = {isa = PBXBuildFile; fileRef = CEFD6D2C1839575E001764E9 /* CraneView.xib */; };
		CEFD6D70183A8705001764E9 /* Default-568h@2x.png in Resources */ = {isa = PBXBuildFile; fileRef = CEFD6D6F183A8705001764E9 /* Default-568h@2x.png */; };
		CEFD6D72183A87D8001764E9 /* JobInfoView.xib in Resources */ = {isa = PBXBuildFile; fileRef = CEFD6D71183A87D8001764E9 /* JobInfoView.xib */; };
		F49DDEA71ACCC60C00A02162 /* SyncManager.m in Sources */ = {isa = PBXBuildFile; fileRef = F49DDEA61ACCC60C00A02162 /* SyncManager.m */; };
		F49DDEAD1ACCCB2700A02162 /* IAConstants.m in Sources */ = {isa = PBXBuildFile; fileRef = F49DDEAC1ACCCB2700A02162 /* IAConstants.m */; };
		F49DDEB11ACCDA5C00A02162 /* IACraneInspectionDetailsManager.m in Sources */ = {isa = PBXBuildFile; fileRef = F49DDEB01ACCDA5C00A02162 /* IACraneInspectionDetailsManager.m */; };
		F49DDEB41ACCDAEB00A02162 /* InspectionModel.xcdatamodeld in Sources */ = {isa = PBXBuildFile; fileRef = F49DDEB21ACCDAEB00A02162 /* InspectionModel.xcdatamodeld */; };
		F49DDEBB1ACCDC6300A02162 /* InspectionPoint.m in Sources */ = {isa = PBXBuildFile; fileRef = F49DDEBA1ACCDC6300A02162 /* InspectionPoint.m */; };
		F49DDEBE1ACCDC6300A02162 /* Option.m in Sources */ = {isa = PBXBuildFile; fileRef = F49DDEBD1ACCDC6300A02162 /* Option.m */; };
		F49DDED91ACCED1600A02162 /* InspectionCrane.m in Sources */ = {isa = PBXBuildFile; fileRef = F49DDED81ACCED1600A02162 /* InspectionCrane.m */; };
/* End PBXBuildFile section */

/* Begin PBXContainerItemProxy section */
		8BC58474150ABD88000AC695 /* PBXContainerItemProxy */ = {
			isa = PBXContainerItemProxy;
			containerPortal = 8BC58445150ABD87000AC695 /* Project object */;
			proxyType = 1;
			remoteGlobalIDString = 8BC5844D150ABD87000AC695;
			remoteInfo = "Inspection Form App";
		};
/* End PBXContainerItemProxy section */

/* Begin PBXFileReference section */
		3D84AFA8E9F5B30D7C62C404 /* Pods-Inspection Form App.release.xcconfig */ = {isa = PBXFileReference; includeInIndex = 1; lastKnownFileType = text.xcconfig; name = "Pods-Inspection Form App.release.xcconfig"; path = "Pods/Target Support Files/Pods-Inspection Form App/Pods-Inspection Form App.release.xcconfig"; sourceTree = "<group>"; };
		75F0F745295218DBBA164DA6 /* libPods-Inspection Form App.a */ = {isa = PBXFileReference; explicitFileType = archive.ar; includeInIndex = 0; path = "libPods-Inspection Form App.a"; sourceTree = BUILT_PRODUCTS_DIR; };
		8B0787C215113448006857A8 /* TableViewController.h */ = {isa = PBXFileReference; fileEncoding = 4; lastKnownFileType = sourcecode.c.h; path = TableViewController.h; sourceTree = "<group>"; };
		8B0787C315113448006857A8 /* TableViewController.m */ = {isa = PBXFileReference; fileEncoding = 4; lastKnownFileType = sourcecode.c.objc; path = TableViewController.m; sourceTree = "<group>"; };
		8B0787C515113796006857A8 /* Parts.h */ = {isa = PBXFileReference; fileEncoding = 4; lastKnownFileType = sourcecode.c.h; path = Parts.h; sourceTree = "<group>"; };
		8B0787C615113796006857A8 /* Parts.m */ = {isa = PBXFileReference; fileEncoding = 4; lastKnownFileType = sourcecode.c.objc; path = Parts.m; sourceTree = "<group>"; };
		8B544610150F0C3E007E1CA9 /* GradientView.h */ = {isa = PBXFileReference; fileEncoding = 4; lastKnownFileType = sourcecode.c.h; path = GradientView.h; sourceTree = "<group>"; };
		8B544611150F0C3E007E1CA9 /* GradientView.m */ = {isa = PBXFileReference; fileEncoding = 4; lastKnownFileType = sourcecode.c.objc; path = GradientView.m; sourceTree = "<group>"; };
		8B6BA17E1708BF1B00E08D9D /* autograph_x.png */ = {isa = PBXFileReference; lastKnownFileType = image.png; path = autograph_x.png; sourceTree = "<group>"; };
		8B6BA17F1708BF1B00E08D9D /* t1_logo.png */ = {isa = PBXFileReference; lastKnownFileType = image.png; path = t1_logo.png; sourceTree = "<group>"; };
		8B6BA1801708BF1B00E08D9D /* libT1Autograph.a */ = {isa = PBXFileReference; lastKnownFileType = archive.ar; path = libT1Autograph.a; sourceTree = "<group>"; };
		8B6BA1811708BF1B00E08D9D /* T1Autograph.h */ = {isa = PBXFileReference; fileEncoding = 4; lastKnownFileType = sourcecode.c.h; path = T1Autograph.h; sourceTree = "<group>"; };
		8B6BA1821708BF1B00E08D9D /* T1Signature.h */ = {isa = PBXFileReference; fileEncoding = 4; lastKnownFileType = sourcecode.c.h; path = T1Signature.h; sourceTree = "<group>"; };
		8BC5844E150ABD87000AC695 /* Inspection Form App.app */ = {isa = PBXFileReference; explicitFileType = wrapper.application; includeInIndex = 0; path = "Inspection Form App.app"; sourceTree = BUILT_PRODUCTS_DIR; };
		8BC58452150ABD87000AC695 /* UIKit.framework */ = {isa = PBXFileReference; lastKnownFileType = wrapper.framework; name = UIKit.framework; path = System/Library/Frameworks/UIKit.framework; sourceTree = SDKROOT; };
		8BC58454150ABD87000AC695 /* Foundation.framework */ = {isa = PBXFileReference; lastKnownFileType = wrapper.framework; name = Foundation.framework; path = System/Library/Frameworks/Foundation.framework; sourceTree = SDKROOT; };
		8BC58456150ABD87000AC695 /* CoreGraphics.framework */ = {isa = PBXFileReference; lastKnownFileType = wrapper.framework; name = CoreGraphics.framework; path = System/Library/Frameworks/CoreGraphics.framework; sourceTree = SDKROOT; };
		8BC5845A150ABD87000AC695 /* Inspection Form App-Info.plist */ = {isa = PBXFileReference; lastKnownFileType = text.plist.xml; path = "Inspection Form App-Info.plist"; sourceTree = "<group>"; };
		8BC5845C150ABD87000AC695 /* en */ = {isa = PBXFileReference; lastKnownFileType = text.plist.strings; name = en; path = en.lproj/InfoPlist.strings; sourceTree = "<group>"; };
		8BC5845E150ABD87000AC695 /* main.m */ = {isa = PBXFileReference; lastKnownFileType = sourcecode.c.objc; path = main.m; sourceTree = "<group>"; };
		8BC58460150ABD87000AC695 /* Inspection Form App-Prefix.pch */ = {isa = PBXFileReference; lastKnownFileType = sourcecode.c.h; path = "Inspection Form App-Prefix.pch"; sourceTree = "<group>"; };
		8BC58461150ABD87000AC695 /* AppDelegate.h */ = {isa = PBXFileReference; lastKnownFileType = sourcecode.c.h; path = AppDelegate.h; sourceTree = "<group>"; };
		8BC58462150ABD87000AC695 /* AppDelegate.m */ = {isa = PBXFileReference; lastKnownFileType = sourcecode.c.objc; path = AppDelegate.m; sourceTree = "<group>"; };
		8BC58464150ABD87000AC695 /* ViewController.h */ = {isa = PBXFileReference; lastKnownFileType = sourcecode.c.h; path = ViewController.h; sourceTree = "<group>"; };
		8BC58465150ABD87000AC695 /* ViewController.m */ = {isa = PBXFileReference; lastKnownFileType = sourcecode.c.objc; path = ViewController.m; sourceTree = "<group>"; };
		8BC58468150ABD87000AC695 /* en */ = {isa = PBXFileReference; lastKnownFileType = file.xib; name = en; path = en.lproj/ViewController.xib; sourceTree = "<group>"; };
		8BC5846F150ABD88000AC695 /* Inspection Form AppTests.octest */ = {isa = PBXFileReference; explicitFileType = wrapper.cfbundle; includeInIndex = 0; path = "Inspection Form AppTests.octest"; sourceTree = BUILT_PRODUCTS_DIR; };
		8BC58470150ABD88000AC695 /* SenTestingKit.framework */ = {isa = PBXFileReference; lastKnownFileType = wrapper.framework; name = SenTestingKit.framework; path = Library/Frameworks/SenTestingKit.framework; sourceTree = DEVELOPER_DIR; };
		8BC58478150ABD88000AC695 /* Inspection Form AppTests-Info.plist */ = {isa = PBXFileReference; lastKnownFileType = text.plist.xml; path = "Inspection Form AppTests-Info.plist"; sourceTree = "<group>"; };
		8BC5847A150ABD88000AC695 /* en */ = {isa = PBXFileReference; lastKnownFileType = text.plist.strings; name = en; path = en.lproj/InfoPlist.strings; sourceTree = "<group>"; };
		8BC5847D150ABD88000AC695 /* Inspection_Form_AppTests.m */ = {isa = PBXFileReference; lastKnownFileType = sourcecode.c.objc; path = Inspection_Form_AppTests.m; sourceTree = "<group>"; };
		8BC7D9D21522ACE000D1A863 /* QuartzCore.framework */ = {isa = PBXFileReference; lastKnownFileType = wrapper.framework; name = QuartzCore.framework; path = System/Library/Frameworks/QuartzCore.framework; sourceTree = SDKROOT; };
		8BDF998C150C1A090069C35B /* Customer.h */ = {isa = PBXFileReference; lastKnownFileType = sourcecode.c.h; path = Customer.h; sourceTree = "<group>"; };
		8BDF9998150C209A0069C35B /* UICustomSwitch.h */ = {isa = PBXFileReference; fileEncoding = 4; lastKnownFileType = sourcecode.c.h; name = UICustomSwitch.h; path = ../../../Downloads/UICustomSwitch/UICustomSwitch.h; sourceTree = "<group>"; };
		8BE08B21150D0AFE005B5E4C /* Customer.m */ = {isa = PBXFileReference; fileEncoding = 4; lastKnownFileType = sourcecode.c.objc; path = Customer.m; sourceTree = "<group>"; };
		8BE881F61513F82400360C63 /* ItemListConditionStorage.h */ = {isa = PBXFileReference; fileEncoding = 4; lastKnownFileType = sourcecode.c.h; path = ItemListConditionStorage.h; sourceTree = "<group>"; };
		8BE881F71513F82400360C63 /* ItemListConditionStorage.m */ = {isa = PBXFileReference; fileEncoding = 4; lastKnownFileType = sourcecode.c.objc; path = ItemListConditionStorage.m; sourceTree = "<group>"; };
		8BE881FA1513FA4200360C63 /* Condition.h */ = {isa = PBXFileReference; fileEncoding = 4; lastKnownFileType = sourcecode.c.h; path = Condition.h; sourceTree = "<group>"; };
		8BE881FB1513FA4200360C63 /* Condition.m */ = {isa = PBXFileReference; fileEncoding = 4; lastKnownFileType = sourcecode.c.objc; path = Condition.m; sourceTree = "<group>"; };
		8BE8C6FA151538B700D5C7F2 /* libsqlite3.dylib */ = {isa = PBXFileReference; lastKnownFileType = "compiled.mach-o.dylib"; name = libsqlite3.dylib; path = usr/lib/libsqlite3.dylib; sourceTree = SDKROOT; };
		8BE9DE7E1616355800906B98 /* OrdinalNumberFormatter.h */ = {isa = PBXFileReference; fileEncoding = 4; lastKnownFileType = sourcecode.c.h; path = OrdinalNumberFormatter.h; sourceTree = "<group>"; };
		8BE9DE7F1616355800906B98 /* OrdinalNumberFormatter.m */ = {isa = PBXFileReference; fileEncoding = 4; lastKnownFileType = sourcecode.c.objc; path = OrdinalNumberFormatter.m; sourceTree = "<group>"; };
		8BECD3B9150E914800616735 /* Options.h */ = {isa = PBXFileReference; lastKnownFileType = sourcecode.c.h; path = Options.h; sourceTree = "<group>"; };
		8BECD3BB150E920500616735 /* Options.m */ = {isa = PBXFileReference; fileEncoding = 4; lastKnownFileType = sourcecode.c.objc; path = Options.m; sourceTree = "<group>"; };
		8BECD3BD150E934900616735 /* OptionList.h */ = {isa = PBXFileReference; fileEncoding = 4; lastKnownFileType = sourcecode.c.h; path = OptionList.h; sourceTree = "<group>"; };
		8BECD3BE150E934900616735 /* OptionList.m */ = {isa = PBXFileReference; fileEncoding = 4; lastKnownFileType = sourcecode.c.objc; path = OptionList.m; sourceTree = "<group>"; };
		8BF09E73153A53E200E1BCB3 /* Security.framework */ = {isa = PBXFileReference; lastKnownFileType = wrapper.framework; name = Security.framework; path = System/Library/Frameworks/Security.framework; sourceTree = SDKROOT; };
		8BF10A9A152FB93D00DC5F05 /* TextField.h */ = {isa = PBXFileReference; fileEncoding = 4; lastKnownFileType = sourcecode.c.h; path = TextField.h; sourceTree = "<group>"; };
		8BF10A9B152FB93D00DC5F05 /* TextField.m */ = {isa = PBXFileReference; fileEncoding = 4; lastKnownFileType = sourcecode.c.objc; path = TextField.m; sourceTree = "<group>"; };
		8BF3876F15239E1200C3F368 /* MessageUI.framework */ = {isa = PBXFileReference; lastKnownFileType = wrapper.framework; name = MessageUI.framework; path = System/Library/Frameworks/MessageUI.framework; sourceTree = SDKROOT; };
		CE147B631835C263005CC483 /* PartSelectionDelegate.h */ = {isa = PBXFileReference; lastKnownFileType = sourcecode.c.h; path = PartSelectionDelegate.h; sourceTree = "<group>"; };
		CE147B641835C2EA005CC483 /* Part.h */ = {isa = PBXFileReference; fileEncoding = 4; lastKnownFileType = sourcecode.c.h; path = Part.h; sourceTree = "<group>"; };
		CE147B651835C2EA005CC483 /* Part.m */ = {isa = PBXFileReference; fileEncoding = 4; lastKnownFileType = sourcecode.c.objc; path = Part.m; sourceTree = "<group>"; };
		CE147B671836844C005CC483 /* InspectionManager.h */ = {isa = PBXFileReference; fileEncoding = 4; lastKnownFileType = sourcecode.c.h; path = InspectionManager.h; sourceTree = "<group>"; };
		CE147B681836844C005CC483 /* InspectionManager.m */ = {isa = PBXFileReference; fileEncoding = 4; lastKnownFileType = sourcecode.c.objc; path = InspectionManager.m; sourceTree = "<group>"; };
		CE27C2151821BB0000EDDFC1 /* CoreData.framework */ = {isa = PBXFileReference; lastKnownFileType = wrapper.framework; name = CoreData.framework; path = System/Library/Frameworks/CoreData.framework; sourceTree = SDKROOT; };
		CE27C21F18234FC100EDDFC1 /* XCTest.framework */ = {isa = PBXFileReference; lastKnownFileType = wrapper.framework; name = XCTest.framework; path = Library/Frameworks/XCTest.framework; sourceTree = DEVELOPER_DIR; };
		CE3992741805FD08003AE30B /* iPadMainStoryboard.storyboard */ = {isa = PBXFileReference; fileEncoding = 4; lastKnownFileType = file.storyboard; path = iPadMainStoryboard.storyboard; sourceTree = "<group>"; };
		CE40D38918087BC20080E9BD /* DataLayer.h */ = {isa = PBXFileReference; fileEncoding = 4; lastKnownFileType = sourcecode.c.h; path = DataLayer.h; sourceTree = "<group>"; };
		CE40D38A18087BC20080E9BD /* DataLayer.m */ = {isa = PBXFileReference; fileEncoding = 4; lastKnownFileType = sourcecode.c.objc; path = DataLayer.m; sourceTree = "<group>"; };
		CE40D38D18087F290080E9BD /* Dropbox.framework */ = {isa = PBXFileReference; lastKnownFileType = wrapper.framework; path = Dropbox.framework; sourceTree = "<group>"; };
		CE40D38F18087F670080E9BD /* CFNetwork.framework */ = {isa = PBXFileReference; lastKnownFileType = wrapper.framework; name = CFNetwork.framework; path = System/Library/Frameworks/CFNetwork.framework; sourceTree = SDKROOT; };
		CE40D39118087F810080E9BD /* SystemConfiguration.framework */ = {isa = PBXFileReference; lastKnownFileType = wrapper.framework; name = SystemConfiguration.framework; path = System/Library/Frameworks/SystemConfiguration.framework; sourceTree = SDKROOT; };
		CE40D39318087F970080E9BD /* libc++.dylib */ = {isa = PBXFileReference; lastKnownFileType = "compiled.mach-o.dylib"; name = "libc++.dylib"; path = "usr/lib/libc++.dylib"; sourceTree = SDKROOT; };
		CE40D39518088E340080E9BD /* Crane.h */ = {isa = PBXFileReference; fileEncoding = 4; lastKnownFileType = sourcecode.c.h; path = Crane.h; sourceTree = "<group>"; };
		CE40D39618088E340080E9BD /* Crane.m */ = {isa = PBXFileReference; fileEncoding = 4; lastKnownFileType = sourcecode.c.objc; path = Crane.m; sourceTree = "<group>"; };
		CE40D398180894300080E9BD /* PDFGenerator.h */ = {isa = PBXFileReference; fileEncoding = 4; lastKnownFileType = sourcecode.c.h; path = PDFGenerator.h; sourceTree = "<group>"; };
		CE40D399180894300080E9BD /* PDFGenerator.m */ = {isa = PBXFileReference; fileEncoding = 4; lastKnownFileType = sourcecode.c.objc; path = PDFGenerator.m; sourceTree = "<group>"; };
		CE486AC9180C83E900B1B953 /* Inspection.h */ = {isa = PBXFileReference; fileEncoding = 4; lastKnownFileType = sourcecode.c.h; path = Inspection.h; sourceTree = "<group>"; };
		CE486ACA180C83E900B1B953 /* Inspection.m */ = {isa = PBXFileReference; fileEncoding = 4; lastKnownFileType = sourcecode.c.objc; path = Inspection.m; sourceTree = "<group>"; };
		CE486AE0180F17DC00B1B953 /* MasterViewController.h */ = {isa = PBXFileReference; fileEncoding = 4; lastKnownFileType = sourcecode.c.h; path = MasterViewController.h; sourceTree = "<group>"; };
		CE486AE1180F17DC00B1B953 /* MasterViewController.m */ = {isa = PBXFileReference; fileEncoding = 4; lastKnownFileType = sourcecode.c.objc; path = MasterViewController.m; sourceTree = "<group>"; };
		CE486AE4180F1E4200B1B953 /* InspectionViewController.h */ = {isa = PBXFileReference; fileEncoding = 4; lastKnownFileType = sourcecode.c.h; path = InspectionViewController.h; sourceTree = "<group>"; };
		CE486AE5180F1E4200B1B953 /* InspectionViewController.m */ = {isa = PBXFileReference; fileEncoding = 4; lastKnownFileType = sourcecode.c.objc; path = InspectionViewController.m; sourceTree = "<group>"; };
		CE6F935A18241825008E1DDC /* Inspection_Form_AppTests.h */ = {isa = PBXFileReference; fileEncoding = 4; lastKnownFileType = sourcecode.c.h; path = Inspection_Form_AppTests.h; sourceTree = "<group>"; };
		CE798DB5180F369600C2E5A0 /* InspectionBussiness.h */ = {isa = PBXFileReference; fileEncoding = 4; lastKnownFileType = sourcecode.c.h; path = InspectionBussiness.h; sourceTree = "<group>"; };
		CE798DB6180F369600C2E5A0 /* InspectionBussiness.m */ = {isa = PBXFileReference; fileEncoding = 4; lastKnownFileType = sourcecode.c.objc; path = InspectionBussiness.m; sourceTree = "<group>"; };
		CE8028AC1837337C00B40DCB /* iPhoneStoryboard.storyboard */ = {isa = PBXFileReference; fileEncoding = 4; lastKnownFileType = file.storyboard; name = iPhoneStoryboard.storyboard; path = ../iPhoneStoryboard.storyboard; sourceTree = "<group>"; };
		CE9775D81718C2660037967E /* logo.jpg */ = {isa = PBXFileReference; lastKnownFileType = image.jpeg; path = logo.jpg; sourceTree = "<group>"; };
		CE9A27371716A63200FE3D32 /* ipadAppLogo.jpg */ = {isa = PBXFileReference; lastKnownFileType = image.jpeg; path = ipadAppLogo.jpg; sourceTree = "<group>"; };
		CE9A273B1716A70E00FE3D32 /* titlePageLogo.jpg */ = {isa = PBXFileReference; lastKnownFileType = image.jpeg; path = titlePageLogo.jpg; sourceTree = "<group>"; };
		CEFD6D2C1839575E001764E9 /* CraneView.xib */ = {isa = PBXFileReference; fileEncoding = 4; lastKnownFileType = file.xib; path = CraneView.xib; sourceTree = "<group>"; };
		CEFD6D6F183A8705001764E9 /* Default-568h@2x.png */ = {isa = PBXFileReference; lastKnownFileType = image.png; path = "Default-568h@2x.png"; sourceTree = "<group>"; };
		CEFD6D71183A87D8001764E9 /* JobInfoView.xib */ = {isa = PBXFileReference; fileEncoding = 4; lastKnownFileType = file.xib; path = JobInfoView.xib; sourceTree = "<group>"; };
		E1A4C2449B6DA9D1ED2E1AE3 /* Pods-Inspection Form App.debug.xcconfig */ = {isa = PBXFileReference; includeInIndex = 1; lastKnownFileType = text.xcconfig; name = "Pods-Inspection Form App.debug.xcconfig"; path = "Pods/Target Support Files/Pods-Inspection Form App/Pods-Inspection Form App.debug.xcconfig"; sourceTree = "<group>"; };
		F49DDEA51ACCC60C00A02162 /* SyncManager.h */ = {isa = PBXFileReference; fileEncoding = 4; lastKnownFileType = sourcecode.c.h; path = SyncManager.h; sourceTree = "<group>"; };
		F49DDEA61ACCC60C00A02162 /* SyncManager.m */ = {isa = PBXFileReference; fileEncoding = 4; lastKnownFileType = sourcecode.c.objc; path = SyncManager.m; sourceTree = "<group>"; };
		F49DDEAB1ACCCB2700A02162 /* IAConstants.h */ = {isa = PBXFileReference; fileEncoding = 4; lastKnownFileType = sourcecode.c.h; path = IAConstants.h; sourceTree = "<group>"; };
		F49DDEAC1ACCCB2700A02162 /* IAConstants.m */ = {isa = PBXFileReference; fileEncoding = 4; lastKnownFileType = sourcecode.c.objc; path = IAConstants.m; sourceTree = "<group>"; };
		F49DDEAF1ACCDA5C00A02162 /* IACraneInspectionDetailsManager.h */ = {isa = PBXFileReference; fileEncoding = 4; lastKnownFileType = sourcecode.c.h; path = IACraneInspectionDetailsManager.h; sourceTree = "<group>"; };
		F49DDEB01ACCDA5C00A02162 /* IACraneInspectionDetailsManager.m */ = {isa = PBXFileReference; fileEncoding = 4; lastKnownFileType = sourcecode.c.objc; path = IACraneInspectionDetailsManager.m; sourceTree = "<group>"; };
		F49DDEB31ACCDAEB00A02162 /* InspectionModel.xcdatamodel */ = {isa = PBXFileReference; lastKnownFileType = wrapper.xcdatamodel; path = InspectionModel.xcdatamodel; sourceTree = "<group>"; };
		F49DDEB91ACCDC6300A02162 /* InspectionPoint.h */ = {isa = PBXFileReference; fileEncoding = 4; lastKnownFileType = sourcecode.c.h; name = InspectionPoint.h; path = "core data/InspectionPoint.h"; sourceTree = "<group>"; };
		F49DDEBA1ACCDC6300A02162 /* InspectionPoint.m */ = {isa = PBXFileReference; fileEncoding = 4; lastKnownFileType = sourcecode.c.objc; name = InspectionPoint.m; path = "core data/InspectionPoint.m"; sourceTree = "<group>"; };
		F49DDEBC1ACCDC6300A02162 /* Option.h */ = {isa = PBXFileReference; fileEncoding = 4; lastKnownFileType = sourcecode.c.h; name = Option.h; path = "core data/Option.h"; sourceTree = "<group>"; };
		F49DDEBD1ACCDC6300A02162 /* Option.m */ = {isa = PBXFileReference; fileEncoding = 4; lastKnownFileType = sourcecode.c.objc; name = Option.m; path = "core data/Option.m"; sourceTree = "<group>"; };
		F49DDED71ACCED1600A02162 /* InspectionCrane.h */ = {isa = PBXFileReference; fileEncoding = 4; lastKnownFileType = sourcecode.c.h; path = InspectionCrane.h; sourceTree = "<group>"; };
		F49DDED81ACCED1600A02162 /* InspectionCrane.m */ = {isa = PBXFileReference; fileEncoding = 4; lastKnownFileType = sourcecode.c.objc; path = InspectionCrane.m; sourceTree = "<group>"; };
/* End PBXFileReference section */

/* Begin PBXFrameworksBuildPhase section */
		8BC5844B150ABD87000AC695 /* Frameworks */ = {
			isa = PBXFrameworksBuildPhase;
			buildActionMask = 2147483647;
			files = (
				CE27C22A1823537B00EDDFC1 /* Dropbox.framework in Frameworks */,
				CE27C2161821BB0000EDDFC1 /* CoreData.framework in Frameworks */,
				CE40D39418087F970080E9BD /* libc++.dylib in Frameworks */,
				CE40D39218087F810080E9BD /* SystemConfiguration.framework in Frameworks */,
				8BF09E74153A53E200E1BCB3 /* Security.framework in Frameworks */,
				CE40D39018087F670080E9BD /* CFNetwork.framework in Frameworks */,
				8BF3877015239E1200C3F368 /* MessageUI.framework in Frameworks */,
				8BC7D9D31522ACE000D1A863 /* QuartzCore.framework in Frameworks */,
				8BE8C6FB151538B700D5C7F2 /* libsqlite3.dylib in Frameworks */,
				8BC58453150ABD87000AC695 /* UIKit.framework in Frameworks */,
				8BC58455150ABD87000AC695 /* Foundation.framework in Frameworks */,
				8BC58457150ABD87000AC695 /* CoreGraphics.framework in Frameworks */,
			);
			runOnlyForDeploymentPostprocessing = 0;
		};
		8BC5846B150ABD88000AC695 /* Frameworks */ = {
			isa = PBXFrameworksBuildPhase;
			buildActionMask = 2147483647;
			files = (
				CE6F9359182416EA008E1DDC /* XCTest.framework in Frameworks */,
				CE27C22B1823605500EDDFC1 /* Dropbox.framework in Frameworks */,
				8BC58472150ABD88000AC695 /* UIKit.framework in Frameworks */,
				8BC58473150ABD88000AC695 /* Foundation.framework in Frameworks */,
			);
			runOnlyForDeploymentPostprocessing = 0;
		};
/* End PBXFrameworksBuildPhase section */

/* Begin PBXGroup section */
		8B6BA17C1708BF1B00E08D9D /* T1Autograph */ = {
			isa = PBXGroup;
			children = (
				8B6BA17D1708BF1B00E08D9D /* Images */,
				8B6BA1801708BF1B00E08D9D /* libT1Autograph.a */,
				8B6BA1811708BF1B00E08D9D /* T1Autograph.h */,
				8B6BA1821708BF1B00E08D9D /* T1Signature.h */,
			);
			path = T1Autograph;
			sourceTree = "<group>";
		};
		8B6BA17D1708BF1B00E08D9D /* Images */ = {
			isa = PBXGroup;
			children = (
				8B6BA17E1708BF1B00E08D9D /* autograph_x.png */,
				8B6BA17F1708BF1B00E08D9D /* t1_logo.png */,
			);
			path = Images;
			sourceTree = "<group>";
		};
		8BC58443150ABD87000AC695 = {
			isa = PBXGroup;
			children = (
				F49DDEB51ACCDC4800A02162 /* Core Data */,
				F49DDEAB1ACCCB2700A02162 /* IAConstants.h */,
				F49DDEAC1ACCCB2700A02162 /* IAConstants.m */,
				F49DDEA01ACCC5CE00A02162 /* Managers */,
				CE147B671836844C005CC483 /* InspectionManager.h */,
				CE147B681836844C005CC483 /* InspectionManager.m */,
				CE147B631835C263005CC483 /* PartSelectionDelegate.h */,
				CE40D38D18087F290080E9BD /* Dropbox.framework */,
				8B6BA17C1708BF1B00E08D9D /* T1Autograph */,
				8BF09E73153A53E200E1BCB3 /* Security.framework */,
				8BF3876F15239E1200C3F368 /* MessageUI.framework */,
				8BE8C6FA151538B700D5C7F2 /* libsqlite3.dylib */,
				8BC58458150ABD87000AC695 /* Inspection Form App */,
				8BC58476150ABD88000AC695 /* Inspection Form AppTests */,
				8BC58451150ABD87000AC695 /* Frameworks */,
				8BC5844F150ABD87000AC695 /* Products */,
				BC9FDC5E9812E79FC3CEC513 /* Pods */,
			);
			sourceTree = "<group>";
		};
		8BC5844F150ABD87000AC695 /* Products */ = {
			isa = PBXGroup;
			children = (
				8BC5844E150ABD87000AC695 /* Inspection Form App.app */,
				8BC5846F150ABD88000AC695 /* Inspection Form AppTests.octest */,
			);
			name = Products;
			sourceTree = "<group>";
		};
		8BC58451150ABD87000AC695 /* Frameworks */ = {
			isa = PBXGroup;
			children = (
				CE27C21F18234FC100EDDFC1 /* XCTest.framework */,
				CE27C2151821BB0000EDDFC1 /* CoreData.framework */,
				CE40D39318087F970080E9BD /* libc++.dylib */,
				CE40D39118087F810080E9BD /* SystemConfiguration.framework */,
				CE40D38F18087F670080E9BD /* CFNetwork.framework */,
				8BC58452150ABD87000AC695 /* UIKit.framework */,
				8BC58454150ABD87000AC695 /* Foundation.framework */,
				8BC58456150ABD87000AC695 /* CoreGraphics.framework */,
				8BC58470150ABD88000AC695 /* SenTestingKit.framework */,
				75F0F745295218DBBA164DA6 /* libPods-Inspection Form App.a */,
			);
			name = Frameworks;
			sourceTree = "<group>";
		};
		8BC58458150ABD87000AC695 /* Inspection Form App */ = {
			isa = PBXGroup;
			children = (
				CE38513D18107296003629DA /* View Controllers */,
				CE798DB4180F35E400C2E5A0 /* Business Layer */,
				CE486ADC180F179A00B1B953 /* Master View Controller */,
				CE9A273B1716A70E00FE3D32 /* titlePageLogo.jpg */,
				CE9775D81718C2660037967E /* logo.jpg */,
				8BC7D9D21522ACE000D1A863 /* QuartzCore.framework */,
				8BDF9998150C209A0069C35B /* UICustomSwitch.h */,
				CE486AD6180CB1A200B1B953 /* Delegates */,
				CE486AD8180CB1B300B1B953 /* Text Field */,
				CE486AD7180CB1AD00B1B953 /* Crane */,
				CE40D39B180894380080E9BD /* PDF Generator */,
				CE486AD9180CB1C200B1B953 /* Table View Controller */,
				CE486ADA180CB1DE00B1B953 /* UI Files */,
				CE40D38C18087BCA0080E9BD /* Data Layer */,
				CE486AD5180CB17C00B1B953 /* View Controller */,
				CE486AD4180CB16900B1B953 /* OrdinalNumberFormatter */,
				CE9A27371716A63200FE3D32 /* ipadAppLogo.jpg */,
				CE486ACF180CB14100B1B953 /* Parts */,
				CE486ACE180CB13700B1B953 /* ItemListConditionStorage */,
				CE486ACD180CB13100B1B953 /* Inspection */,
				CE486ACC180CB12B00B1B953 /* Condition */,
				CE486AD0180CB14A00B1B953 /* Gradient View */,
				CE486AD1180CB15200B1B953 /* Customer */,
				CE486AD2180CB15800B1B953 /* Options */,
				CE486AD3180CB15E00B1B953 /* OptionList */,
				8BC58459150ABD87000AC695 /* Supporting Files */,
			);
			path = "Inspection Form App";
			sourceTree = "<group>";
		};
		8BC58459150ABD87000AC695 /* Supporting Files */ = {
			isa = PBXGroup;
			children = (
				CEFD6D6F183A8705001764E9 /* Default-568h@2x.png */,
				8BC5845A150ABD87000AC695 /* Inspection Form App-Info.plist */,
				8BC5845B150ABD87000AC695 /* InfoPlist.strings */,
				8BC5845E150ABD87000AC695 /* main.m */,
				8BC58460150ABD87000AC695 /* Inspection Form App-Prefix.pch */,
			);
			name = "Supporting Files";
			sourceTree = "<group>";
		};
		8BC58476150ABD88000AC695 /* Inspection Form AppTests */ = {
			isa = PBXGroup;
			children = (
				CE6F935A18241825008E1DDC /* Inspection_Form_AppTests.h */,
				8BC5847D150ABD88000AC695 /* Inspection_Form_AppTests.m */,
				8BC58477150ABD88000AC695 /* Supporting Files */,
			);
			path = "Inspection Form AppTests";
			sourceTree = "<group>";
		};
		8BC58477150ABD88000AC695 /* Supporting Files */ = {
			isa = PBXGroup;
			children = (
				8BC58478150ABD88000AC695 /* Inspection Form AppTests-Info.plist */,
				8BC58479150ABD88000AC695 /* InfoPlist.strings */,
			);
			name = "Supporting Files";
			sourceTree = "<group>";
		};
		BC9FDC5E9812E79FC3CEC513 /* Pods */ = {
			isa = PBXGroup;
			children = (
				E1A4C2449B6DA9D1ED2E1AE3 /* Pods-Inspection Form App.debug.xcconfig */,
				3D84AFA8E9F5B30D7C62C404 /* Pods-Inspection Form App.release.xcconfig */,
			);
			name = Pods;
			sourceTree = "<group>";
		};
		CE38513D18107296003629DA /* View Controllers */ = {
			isa = PBXGroup;
			children = (
				CE486AE3180F1E2F00B1B953 /* Inspection View Controller */,
			);
			name = "View Controllers";
			sourceTree = "<group>";
		};
		CE40D38C18087BCA0080E9BD /* Data Layer */ = {
			isa = PBXGroup;
			children = (
				CE40D38918087BC20080E9BD /* DataLayer.h */,
				CE40D38A18087BC20080E9BD /* DataLayer.m */,
			);
			name = "Data Layer";
			sourceTree = "<group>";
		};
		CE40D39B180894380080E9BD /* PDF Generator */ = {
			isa = PBXGroup;
			children = (
				CE40D398180894300080E9BD /* PDFGenerator.h */,
				CE40D399180894300080E9BD /* PDFGenerator.m */,
			);
			name = "PDF Generator";
			sourceTree = "<group>";
		};
		CE486ACC180CB12B00B1B953 /* Condition */ = {
			isa = PBXGroup;
			children = (
				8BE881FA1513FA4200360C63 /* Condition.h */,
				8BE881FB1513FA4200360C63 /* Condition.m */,
			);
			name = Condition;
			sourceTree = "<group>";
		};
		CE486ACD180CB13100B1B953 /* Inspection */ = {
			isa = PBXGroup;
			children = (
				CE486AC9180C83E900B1B953 /* Inspection.h */,
				CE486ACA180C83E900B1B953 /* Inspection.m */,
			);
			name = Inspection;
			sourceTree = "<group>";
		};
		CE486ACE180CB13700B1B953 /* ItemListConditionStorage */ = {
			isa = PBXGroup;
			children = (
				8BE881F61513F82400360C63 /* ItemListConditionStorage.h */,
				8BE881F71513F82400360C63 /* ItemListConditionStorage.m */,
			);
			name = ItemListConditionStorage;
			sourceTree = "<group>";
		};
		CE486ACF180CB14100B1B953 /* Parts */ = {
			isa = PBXGroup;
			children = (
				8B0787C515113796006857A8 /* Parts.h */,
				8B0787C615113796006857A8 /* Parts.m */,
				CE147B641835C2EA005CC483 /* Part.h */,
				CE147B651835C2EA005CC483 /* Part.m */,
			);
			name = Parts;
			sourceTree = "<group>";
		};
		CE486AD0180CB14A00B1B953 /* Gradient View */ = {
			isa = PBXGroup;
			children = (
				8B544610150F0C3E007E1CA9 /* GradientView.h */,
				8B544611150F0C3E007E1CA9 /* GradientView.m */,
			);
			name = "Gradient View";
			sourceTree = "<group>";
		};
		CE486AD1180CB15200B1B953 /* Customer */ = {
			isa = PBXGroup;
			children = (
				8BDF998C150C1A090069C35B /* Customer.h */,
				8BE08B21150D0AFE005B5E4C /* Customer.m */,
			);
			name = Customer;
			sourceTree = "<group>";
		};
		CE486AD2180CB15800B1B953 /* Options */ = {
			isa = PBXGroup;
			children = (
				8BECD3B9150E914800616735 /* Options.h */,
				8BECD3BB150E920500616735 /* Options.m */,
			);
			name = Options;
			sourceTree = "<group>";
		};
		CE486AD3180CB15E00B1B953 /* OptionList */ = {
			isa = PBXGroup;
			children = (
				8BECD3BD150E934900616735 /* OptionList.h */,
				8BECD3BE150E934900616735 /* OptionList.m */,
			);
			name = OptionList;
			sourceTree = "<group>";
		};
		CE486AD4180CB16900B1B953 /* OrdinalNumberFormatter */ = {
			isa = PBXGroup;
			children = (
				8BE9DE7E1616355800906B98 /* OrdinalNumberFormatter.h */,
				8BE9DE7F1616355800906B98 /* OrdinalNumberFormatter.m */,
			);
			name = OrdinalNumberFormatter;
			sourceTree = "<group>";
		};
		CE486AD5180CB17C00B1B953 /* View Controller */ = {
			isa = PBXGroup;
			children = (
				8BC58465150ABD87000AC695 /* ViewController.m */,
				8BC58464150ABD87000AC695 /* ViewController.h */,
			);
			name = "View Controller";
			sourceTree = "<group>";
		};
		CE486AD6180CB1A200B1B953 /* Delegates */ = {
			isa = PBXGroup;
			children = (
				8BC58461150ABD87000AC695 /* AppDelegate.h */,
				8BC58462150ABD87000AC695 /* AppDelegate.m */,
			);
			name = Delegates;
			sourceTree = "<group>";
		};
		CE486AD7180CB1AD00B1B953 /* Crane */ = {
			isa = PBXGroup;
			children = (
				CE40D39518088E340080E9BD /* Crane.h */,
				CE40D39618088E340080E9BD /* Crane.m */,
			);
			name = Crane;
			sourceTree = "<group>";
		};
		CE486AD8180CB1B300B1B953 /* Text Field */ = {
			isa = PBXGroup;
			children = (
				8BF10A9A152FB93D00DC5F05 /* TextField.h */,
				8BF10A9B152FB93D00DC5F05 /* TextField.m */,
			);
			name = "Text Field";
			sourceTree = "<group>";
		};
		CE486AD9180CB1C200B1B953 /* Table View Controller */ = {
			isa = PBXGroup;
			children = (
				8B0787C315113448006857A8 /* TableViewController.m */,
				8B0787C215113448006857A8 /* TableViewController.h */,
			);
			name = "Table View Controller";
			sourceTree = "<group>";
		};
		CE486ADA180CB1DE00B1B953 /* UI Files */ = {
			isa = PBXGroup;
			children = (
				CE8028AC1837337C00B40DCB /* iPhoneStoryboard.storyboard */,
				CEFD6D2C1839575E001764E9 /* CraneView.xib */,
				CE3992741805FD08003AE30B /* iPadMainStoryboard.storyboard */,
				8BC58467150ABD87000AC695 /* ViewController.xib */,
				CEFD6D71183A87D8001764E9 /* JobInfoView.xib */,
			);
			name = "UI Files";
			sourceTree = "<group>";
		};
		CE486ADC180F179A00B1B953 /* Master View Controller */ = {
			isa = PBXGroup;
			children = (
				CE486AE0180F17DC00B1B953 /* MasterViewController.h */,
				CE486AE1180F17DC00B1B953 /* MasterViewController.m */,
			);
			name = "Master View Controller";
			sourceTree = "<group>";
		};
		CE486AE3180F1E2F00B1B953 /* Inspection View Controller */ = {
			isa = PBXGroup;
			children = (
				CE486AE4180F1E4200B1B953 /* InspectionViewController.h */,
				CE486AE5180F1E4200B1B953 /* InspectionViewController.m */,
			);
			name = "Inspection View Controller";
			sourceTree = "<group>";
		};
		CE798DB4180F35E400C2E5A0 /* Business Layer */ = {
			isa = PBXGroup;
			children = (
				CE798DB5180F369600C2E5A0 /* InspectionBussiness.h */,
				CE798DB6180F369600C2E5A0 /* InspectionBussiness.m */,
			);
			name = "Business Layer";
			sourceTree = "<group>";
		};
		F49DDEA01ACCC5CE00A02162 /* Managers */ = {
			isa = PBXGroup;
			children = (
				F49DDEAE1ACCDA4600A02162 /* Crane Inspection Manager */,
				F49DDEA11ACCC5D200A02162 /* Sync Manager */,
			);
			name = Managers;
			sourceTree = "<group>";
		};
		F49DDEA11ACCC5D200A02162 /* Sync Manager */ = {
			isa = PBXGroup;
			children = (
				F49DDEA51ACCC60C00A02162 /* SyncManager.h */,
				F49DDEA61ACCC60C00A02162 /* SyncManager.m */,
			);
			name = "Sync Manager";
			sourceTree = "<group>";
		};
		F49DDEAE1ACCDA4600A02162 /* Crane Inspection Manager */ = {
			isa = PBXGroup;
			children = (
				F49DDEAF1ACCDA5C00A02162 /* IACraneInspectionDetailsManager.h */,
				F49DDEB01ACCDA5C00A02162 /* IACraneInspectionDetailsManager.m */,
			);
			name = "Crane Inspection Manager";
			sourceTree = "<group>";
		};
		F49DDEB51ACCDC4800A02162 /* Core Data */ = {
			isa = PBXGroup;
			children = (
				F49DDEB21ACCDAEB00A02162 /* InspectionModel.xcdatamodeld */,
				F49DDEBC1ACCDC6300A02162 /* Option.h */,
				F49DDEBD1ACCDC6300A02162 /* Option.m */,
				F49DDEB91ACCDC6300A02162 /* InspectionPoint.h */,
				F49DDEBA1ACCDC6300A02162 /* InspectionPoint.m */,
				F49DDED71ACCED1600A02162 /* InspectionCrane.h */,
				F49DDED81ACCED1600A02162 /* InspectionCrane.m */,
			);
			name = "Core Data";
			sourceTree = "<group>";
		};
/* End PBXGroup section */

/* Begin PBXNativeTarget section */
		8BC5844D150ABD87000AC695 /* Inspection Form App */ = {
			isa = PBXNativeTarget;
			buildConfigurationList = 8BC58481150ABD88000AC695 /* Build configuration list for PBXNativeTarget "Inspection Form App" */;
			buildPhases = (
				12D7C41C3A7D475C14C223B7 /* Check Pods Manifest.lock */,
				8BC5844A150ABD87000AC695 /* Sources */,
				8BC5844B150ABD87000AC695 /* Frameworks */,
				8BC5844C150ABD87000AC695 /* Resources */,
				A0995222D9DDBB7A6B3F0375 /* Copy Pods Resources */,
			);
			buildRules = (
			);
			dependencies = (
			);
			name = "Inspection Form App";
			productName = "Inspection Form App";
			productReference = 8BC5844E150ABD87000AC695 /* Inspection Form App.app */;
			productType = "com.apple.product-type.application";
		};
		8BC5846E150ABD88000AC695 /* Inspection Form AppTests */ = {
			isa = PBXNativeTarget;
			buildConfigurationList = 8BC58484150ABD88000AC695 /* Build configuration list for PBXNativeTarget "Inspection Form AppTests" */;
			buildPhases = (
				8BC5846A150ABD88000AC695 /* Sources */,
				8BC5846B150ABD88000AC695 /* Frameworks */,
				8BC5846C150ABD88000AC695 /* Resources */,
				8BC5846D150ABD88000AC695 /* ShellScript */,
			);
			buildRules = (
			);
			dependencies = (
				8BC58475150ABD88000AC695 /* PBXTargetDependency */,
			);
			name = "Inspection Form AppTests";
			productName = "Inspection Form AppTests";
			productReference = 8BC5846F150ABD88000AC695 /* Inspection Form AppTests.octest */;
			productType = "com.apple.product-type.bundle.ocunit-test";
		};
/* End PBXNativeTarget section */

/* Begin PBXProject section */
		8BC58445150ABD87000AC695 /* Project object */ = {
			isa = PBXProject;
			attributes = {
				LastUpgradeCheck = 0430;
				TargetAttributes = {
					8BC5844D150ABD87000AC695 = {
						DevelopmentTeam = HJPTQ3N75W;
					};
				};
			};
			buildConfigurationList = 8BC58448150ABD87000AC695 /* Build configuration list for PBXProject "Inspection Form App" */;
			compatibilityVersion = "Xcode 3.2";
			developmentRegion = English;
			hasScannedForEncodings = 0;
			knownRegions = (
				en,
			);
			mainGroup = 8BC58443150ABD87000AC695;
			productRefGroup = 8BC5844F150ABD87000AC695 /* Products */;
			projectDirPath = "";
			projectRoot = "";
			targets = (
				8BC5844D150ABD87000AC695 /* Inspection Form App */,
				8BC5846E150ABD88000AC695 /* Inspection Form AppTests */,
			);
		};
/* End PBXProject section */

/* Begin PBXResourcesBuildPhase section */
		8BC5844C150ABD87000AC695 /* Resources */ = {
			isa = PBXResourcesBuildPhase;
			buildActionMask = 2147483647;
			files = (
				8BC5845D150ABD87000AC695 /* InfoPlist.strings in Resources */,
				CEFD6D70183A8705001764E9 /* Default-568h@2x.png in Resources */,
				CEFD6D72183A87D8001764E9 /* JobInfoView.xib in Resources */,
				8BC58469150ABD87000AC695 /* ViewController.xib in Resources */,
				CE8028AD1837337C00B40DCB /* iPhoneStoryboard.storyboard in Resources */,
				CE3992751805FD08003AE30B /* iPadMainStoryboard.storyboard in Resources */,
				8B6BA1831708BF1B00E08D9D /* autograph_x.png in Resources */,
				8B6BA1841708BF1B00E08D9D /* t1_logo.png in Resources */,
				CE9A27381716A63200FE3D32 /* ipadAppLogo.jpg in Resources */,
				CE9A273C1716A70E00FE3D32 /* titlePageLogo.jpg in Resources */,
				CEFD6D2D1839575E001764E9 /* CraneView.xib in Resources */,
				CE9775D91718C2660037967E /* logo.jpg in Resources */,
			);
			runOnlyForDeploymentPostprocessing = 0;
		};
		8BC5846C150ABD88000AC695 /* Resources */ = {
			isa = PBXResourcesBuildPhase;
			buildActionMask = 2147483647;
			files = (
				8BC5847B150ABD88000AC695 /* InfoPlist.strings in Resources */,
			);
			runOnlyForDeploymentPostprocessing = 0;
		};
/* End PBXResourcesBuildPhase section */

/* Begin PBXShellScriptBuildPhase section */
		12D7C41C3A7D475C14C223B7 /* Check Pods Manifest.lock */ = {
			isa = PBXShellScriptBuildPhase;
			buildActionMask = 2147483647;
			files = (
			);
			inputPaths = (
			);
			name = "Check Pods Manifest.lock";
			outputPaths = (
			);
			runOnlyForDeploymentPostprocessing = 0;
			shellPath = /bin/sh;
			shellScript = "diff \"${PODS_ROOT}/../Podfile.lock\" \"${PODS_ROOT}/Manifest.lock\" > /dev/null\nif [[ $? != 0 ]] ; then\n    cat << EOM\nerror: The sandbox is not in sync with the Podfile.lock. Run 'pod install' or update your CocoaPods installation.\nEOM\n    exit 1\nfi\n";
			showEnvVarsInLog = 0;
		};
		8BC5846D150ABD88000AC695 /* ShellScript */ = {
			isa = PBXShellScriptBuildPhase;
			buildActionMask = 2147483647;
			files = (
			);
			inputPaths = (
			);
			outputPaths = (
			);
			runOnlyForDeploymentPostprocessing = 0;
			shellPath = /bin/sh;
			shellScript = "# Run the unit tests in this test bundle.\n\"${SYSTEM_DEVELOPER_DIR}/Tools/RunUnitTests\"\n";
		};
		A0995222D9DDBB7A6B3F0375 /* Copy Pods Resources */ = {
			isa = PBXShellScriptBuildPhase;
			buildActionMask = 2147483647;
			files = (
			);
			inputPaths = (
			);
			name = "Copy Pods Resources";
			outputPaths = (
			);
			runOnlyForDeploymentPostprocessing = 0;
			shellPath = /bin/sh;
			shellScript = "\"${SRCROOT}/Pods/Target Support Files/Pods-Inspection Form App/Pods-Inspection Form App-resources.sh\"\n";
			showEnvVarsInLog = 0;
		};
/* End PBXShellScriptBuildPhase section */

/* Begin PBXSourcesBuildPhase section */
		8BC5844A150ABD87000AC695 /* Sources */ = {
			isa = PBXSourcesBuildPhase;
			buildActionMask = 2147483647;
			files = (
				CE147B661835C2EA005CC483 /* Part.m in Sources */,
				8BC5845F150ABD87000AC695 /* main.m in Sources */,
				8BC58463150ABD87000AC695 /* AppDelegate.m in Sources */,
				CE40D39A180894300080E9BD /* PDFGenerator.m in Sources */,
				8BC58466150ABD87000AC695 /* ViewController.m in Sources */,
				F49DDED91ACCED1600A02162 /* InspectionCrane.m in Sources */,
				8BE08B22150D0AFE005B5E4C /* Customer.m in Sources */,
				8BECD3BC150E920500616735 /* Options.m in Sources */,
				F49DDEA71ACCC60C00A02162 /* SyncManager.m in Sources */,
				8BECD3BF150E934900616735 /* OptionList.m in Sources */,
				8B544612150F0C3E007E1CA9 /* GradientView.m in Sources */,
				8B0787C415113448006857A8 /* TableViewController.m in Sources */,
				CE147B691836844C005CC483 /* InspectionManager.m in Sources */,
				8B0787C715113796006857A8 /* Parts.m in Sources */,
				CE486AE6180F1E4200B1B953 /* InspectionViewController.m in Sources */,
				CE798DB7180F369600C2E5A0 /* InspectionBussiness.m in Sources */,
				CE486ACB180C83E900B1B953 /* Inspection.m in Sources */,
				8BE881F81513F82400360C63 /* ItemListConditionStorage.m in Sources */,
				8BE881FC1513FA4200360C63 /* Condition.m in Sources */,
				8BF10A9C152FB93D00DC5F05 /* TextField.m in Sources */,
				CE40D38B18087BC20080E9BD /* DataLayer.m in Sources */,
				F49DDEB11ACCDA5C00A02162 /* IACraneInspectionDetailsManager.m in Sources */,
				F49DDEB41ACCDAEB00A02162 /* InspectionModel.xcdatamodeld in Sources */,
				F49DDEBE1ACCDC6300A02162 /* Option.m in Sources */,
				CE40D39718088E340080E9BD /* Crane.m in Sources */,
				CE486AE2180F17DC00B1B953 /* MasterViewController.m in Sources */,
				8BE9DE801616355800906B98 /* OrdinalNumberFormatter.m in Sources */,
				F49DDEBB1ACCDC6300A02162 /* InspectionPoint.m in Sources */,
				F49DDEAD1ACCCB2700A02162 /* IAConstants.m in Sources */,
			);
			runOnlyForDeploymentPostprocessing = 0;
		};
		8BC5846A150ABD88000AC695 /* Sources */ = {
			isa = PBXSourcesBuildPhase;
			buildActionMask = 2147483647;
			files = (
				8BC5847E150ABD88000AC695 /* Inspection_Form_AppTests.m in Sources */,
			);
			runOnlyForDeploymentPostprocessing = 0;
		};
/* End PBXSourcesBuildPhase section */

/* Begin PBXTargetDependency section */
		8BC58475150ABD88000AC695 /* PBXTargetDependency */ = {
			isa = PBXTargetDependency;
			target = 8BC5844D150ABD87000AC695 /* Inspection Form App */;
			targetProxy = 8BC58474150ABD88000AC695 /* PBXContainerItemProxy */;
		};
/* End PBXTargetDependency section */

/* Begin PBXVariantGroup section */
		8BC5845B150ABD87000AC695 /* InfoPlist.strings */ = {
			isa = PBXVariantGroup;
			children = (
				8BC5845C150ABD87000AC695 /* en */,
			);
			name = InfoPlist.strings;
			sourceTree = "<group>";
		};
		8BC58467150ABD87000AC695 /* ViewController.xib */ = {
			isa = PBXVariantGroup;
			children = (
				8BC58468150ABD87000AC695 /* en */,
			);
			name = ViewController.xib;
			sourceTree = "<group>";
		};
		8BC58479150ABD88000AC695 /* InfoPlist.strings */ = {
			isa = PBXVariantGroup;
			children = (
				8BC5847A150ABD88000AC695 /* en */,
			);
			name = InfoPlist.strings;
			sourceTree = "<group>";
		};
/* End PBXVariantGroup section */

/* Begin XCBuildConfiguration section */
		8BC5847F150ABD88000AC695 /* Debug */ = {
			isa = XCBuildConfiguration;
			buildSettings = {
				ALWAYS_SEARCH_USER_PATHS = NO;
				ARCHS = "$(ARCHS_STANDARD_32_BIT)";
				CLANG_ENABLE_OBJC_ARC = YES;
				CODE_SIGN_IDENTITY = "iPhone Developer";
				"CODE_SIGN_IDENTITY[sdk=iphoneos*]" = "iPhone Developer";
				COPY_PHASE_STRIP = NO;
				GCC_C_LANGUAGE_STANDARD = gnu99;
				GCC_DYNAMIC_NO_PIC = NO;
				GCC_OPTIMIZATION_LEVEL = 0;
				GCC_PREPROCESSOR_DEFINITIONS = (
					"DEBUG=1",
					"$(inherited)",
				);
				GCC_SYMBOLS_PRIVATE_EXTERN = NO;
				GCC_VERSION = com.apple.compilers.llvm.clang.1_0;
				GCC_WARN_ABOUT_RETURN_TYPE = YES;
				GCC_WARN_UNINITIALIZED_AUTOS = YES;
				GCC_WARN_UNUSED_VARIABLE = YES;
				IPHONEOS_DEPLOYMENT_TARGET = 6.0;
				PROVISIONING_PROFILE = "";
				SDKROOT = iphoneos;
				TARGETED_DEVICE_FAMILY = 2;
			};
			name = Debug;
		};
		8BC58480150ABD88000AC695 /* Release */ = {
			isa = XCBuildConfiguration;
			buildSettings = {
				ALWAYS_SEARCH_USER_PATHS = NO;
				ARCHS = "$(ARCHS_STANDARD_32_BIT)";
				CLANG_ENABLE_OBJC_ARC = YES;
				CODE_SIGN_IDENTITY = "iPhone Developer";
				"CODE_SIGN_IDENTITY[sdk=iphoneos*]" = "iPhone Developer";
				COPY_PHASE_STRIP = YES;
				GCC_C_LANGUAGE_STANDARD = gnu99;
				GCC_VERSION = com.apple.compilers.llvm.clang.1_0;
				GCC_WARN_ABOUT_RETURN_TYPE = YES;
				GCC_WARN_UNINITIALIZED_AUTOS = YES;
				GCC_WARN_UNUSED_VARIABLE = YES;
				IPHONEOS_DEPLOYMENT_TARGET = 6.0;
				OTHER_CFLAGS = "-DNS_BLOCK_ASSERTIONS=1";
				PROVISIONING_PROFILE = "";
				SDKROOT = iphoneos;
				TARGETED_DEVICE_FAMILY = 2;
				VALIDATE_PRODUCT = YES;
			};
			name = Release;
		};
		8BC58482150ABD88000AC695 /* Debug */ = {
			isa = XCBuildConfiguration;
			baseConfigurationReference = E1A4C2449B6DA9D1ED2E1AE3 /* Pods-Inspection Form App.debug.xcconfig */;
			buildSettings = {
				ALWAYS_SEARCH_USER_PATHS = YES;
				CODE_SIGN_IDENTITY = "iPhone Developer";
				FRAMEWORK_SEARCH_PATHS = (
					"$(inherited)",
					"\\\\\\\"$(SRCROOT)/Inspection\\\\\\ Form\\\\\\ App/dropbox-ios-sdk-1.2.1\\\\\\\"",
					"\\\\\\\"$(SRCROOT)/../../Downloads/dropbox-ios-sdk-1.2.1\\\\\\\"",
					"\\\\\\\"$(SRCROOT)/../dropbox-ios-sdk-1.2.2\\\\\\\"",
					"$(SRCROOT)",
					"/Users/user/Documents/XCode\\ Projects/Inspection\\ Form\\ App",
					"$(DEVELOPER_FRAMEWORKS_DIR)",
					/Users/user/Documents/XCode_Projects/Inspection_Form_App,
				);
				GCC_PRECOMPILE_PREFIX_HEADER = YES;
				GCC_PREFIX_HEADER = "Inspection Form App/Inspection Form App-Prefix.pch";
				"HEADER_SEARCH_PATHS[sdk=*]" = "\"${SRCROOT}/relative/path/to/RESTClient/Source\"";
				INFOPLIST_FILE = "Inspection Form App/Inspection Form App-Info.plist";
				IPHONEOS_DEPLOYMENT_TARGET = 7.0;
				LIBRARY_SEARCH_PATHS = (
					"$(inherited)",
					"\"$(SRCROOT)/T1Autograph\"",
				);
				"LIBRARY_SEARCH_PATHS[arch=*]" = (
					"$(inherited)",
					"\"$(SRCROOT)/T1Autograph\"",
					"$(inherited)",
					"\"$(SYSTEM_APPS_DIR)/Xcode.app/Contents/Developer/SDKs/MacOSX10.7.sdk/usr/lib\"",
					"\"$(SRCROOT)\"",
				);
				PRODUCT_NAME = "$(TARGET_NAME)";
				PROVISIONING_PROFILE = "";
				TARGETED_DEVICE_FAMILY = 2;
				VALID_ARCHS = armv7;
				WRAPPER_EXTENSION = app;
			};
			name = Debug;
		};
		8BC58483150ABD88000AC695 /* Release */ = {
			isa = XCBuildConfiguration;
			baseConfigurationReference = 3D84AFA8E9F5B30D7C62C404 /* Pods-Inspection Form App.release.xcconfig */;
			buildSettings = {
				ALWAYS_SEARCH_USER_PATHS = YES;
				CODE_SIGN_IDENTITY = "iPhone Developer";
				FRAMEWORK_SEARCH_PATHS = (
					"$(inherited)",
					"\\\\\\\"$(SRCROOT)/Inspection\\\\\\ Form\\\\\\ App/dropbox-ios-sdk-1.2.1\\\\\\\"",
					"\\\\\\\"$(SRCROOT)/../../Downloads/dropbox-ios-sdk-1.2.1\\\\\\\"",
					"\\\\\\\"$(SRCROOT)/../dropbox-ios-sdk-1.2.2\\\\\\\"",
					"$(SRCROOT)",
					"/Users/user/Documents/XCode\\ Projects/Inspection\\ Form\\ App",
					"$(DEVELOPER_FRAMEWORKS_DIR)",
					/Users/user/Documents/XCode_Projects/Inspection_Form_App,
				);
				GCC_PRECOMPILE_PREFIX_HEADER = YES;
				GCC_PREFIX_HEADER = "Inspection Form App/Inspection Form App-Prefix.pch";
				INFOPLIST_FILE = "Inspection Form App/Inspection Form App-Info.plist";
				IPHONEOS_DEPLOYMENT_TARGET = 7.0;
				LIBRARY_SEARCH_PATHS = (
					"$(inherited)",
					"\"$(SRCROOT)/T1Autograph\"",
				);
				PRODUCT_NAME = "$(TARGET_NAME)";
				PROVISIONING_PROFILE = "";
				TARGETED_DEVICE_FAMILY = 2;
				VALID_ARCHS = armv7;
				WRAPPER_EXTENSION = app;
			};
			name = Release;
		};
		8BC58485150ABD88000AC695 /* Debug */ = {
			isa = XCBuildConfiguration;
			buildSettings = {
				BUNDLE_LOADER = "$(BUILT_PRODUCTS_DIR)/Inspection Form App.app/Inspection Form App";
				FRAMEWORK_SEARCH_PATHS = (
					"$(SDKROOT)/Developer/Library/Frameworks",
					"$(DEVELOPER_LIBRARY_DIR)/Frameworks",
					/Users/user/Documents/XCode_Projects/Inspection_Form_App,
					"$(DEVELOPER_FRAMEWORKS_DIR)",
				);
				GCC_PRECOMPILE_PREFIX_HEADER = YES;
				GCC_PREFIX_HEADER = "Inspection Form App/Inspection Form App-Prefix.pch";
				INFOPLIST_FILE = "Inspection Form AppTests/Inspection Form AppTests-Info.plist";
				PRODUCT_NAME = "$(TARGET_NAME)";
				TEST_HOST = "$(BUNDLE_LOADER)";
				WRAPPER_EXTENSION = octest;
			};
			name = Debug;
		};
		8BC58486150ABD88000AC695 /* Release */ = {
			isa = XCBuildConfiguration;
			buildSettings = {
				BUNDLE_LOADER = "$(BUILT_PRODUCTS_DIR)/Inspection Form App.app/Inspection Form App";
				FRAMEWORK_SEARCH_PATHS = (
					"$(SDKROOT)/Developer/Library/Frameworks",
					"$(DEVELOPER_LIBRARY_DIR)/Frameworks",
					/Users/user/Documents/XCode_Projects/Inspection_Form_App,
					"$(DEVELOPER_FRAMEWORKS_DIR)",
				);
				GCC_PRECOMPILE_PREFIX_HEADER = YES;
				GCC_PREFIX_HEADER = "Inspection Form App/Inspection Form App-Prefix.pch";
				INFOPLIST_FILE = "Inspection Form AppTests/Inspection Form AppTests-Info.plist";
				PRODUCT_NAME = "$(TARGET_NAME)";
				TEST_HOST = "$(BUNDLE_LOADER)";
				WRAPPER_EXTENSION = octest;
			};
			name = Release;
		};
/* End XCBuildConfiguration section */

/* Begin XCConfigurationList section */
		8BC58448150ABD87000AC695 /* Build configuration list for PBXProject "Inspection Form App" */ = {
			isa = XCConfigurationList;
			buildConfigurations = (
				8BC5847F150ABD88000AC695 /* Debug */,
				8BC58480150ABD88000AC695 /* Release */,
			);
			defaultConfigurationIsVisible = 0;
			defaultConfigurationName = Release;
		};
		8BC58481150ABD88000AC695 /* Build configuration list for PBXNativeTarget "Inspection Form App" */ = {
			isa = XCConfigurationList;
			buildConfigurations = (
				8BC58482150ABD88000AC695 /* Debug */,
				8BC58483150ABD88000AC695 /* Release */,
			);
			defaultConfigurationIsVisible = 0;
			defaultConfigurationName = Release;
		};
		8BC58484150ABD88000AC695 /* Build configuration list for PBXNativeTarget "Inspection Form AppTests" */ = {
			isa = XCConfigurationList;
			buildConfigurations = (
				8BC58485150ABD88000AC695 /* Debug */,
				8BC58486150ABD88000AC695 /* Release */,
			);
			defaultConfigurationIsVisible = 0;
			defaultConfigurationName = Release;
		};
/* End XCConfigurationList section */

/* Begin XCVersionGroup section */
		F49DDEB21ACCDAEB00A02162 /* InspectionModel.xcdatamodeld */ = {
			isa = XCVersionGroup;
			children = (
				F49DDEB31ACCDAEB00A02162 /* InspectionModel.xcdatamodel */,
			);
			currentVersion = F49DDEB31ACCDAEB00A02162 /* InspectionModel.xcdatamodel */;
			path = InspectionModel.xcdatamodeld;
			sourceTree = "<group>";
			versionGroupType = wrapper.xcdatamodel;
		};
/* End XCVersionGroup section */
	};
	rootObject = 8BC58445150ABD87000AC695 /* Project object */;
}
