<?xml version="1.0" encoding="UTF-8"?>
<!DOCTYPE plist PUBLIC "-//Apple//DTD PLIST 1.0//EN" "http://www.apple.com/DTDs/PropertyList-1.0.dtd">
<plist version="1.0">
<dict>
	<key>archiveVersion</key>
	<string>1</string>
	<key>classes</key>
	<dict/>
	<key>objectVersion</key>
	<string>46</string>
	<key>objects</key>
	<dict>
		<key>1161BA65DAF8BD69B4D93FD5</key>
		<dict>
			<key>fileRef</key>
			<string>75F0F745295218DBBA164DA6</string>
			<key>isa</key>
			<string>PBXBuildFile</string>
		</dict>
		<key>12D7C41C3A7D475C14C223B7</key>
		<dict>
			<key>buildActionMask</key>
			<string>2147483647</string>
			<key>files</key>
			<array/>
			<key>inputPaths</key>
			<array/>
			<key>isa</key>
			<string>PBXShellScriptBuildPhase</string>
			<key>name</key>
			<string>Check Pods Manifest.lock</string>
			<key>outputPaths</key>
			<array/>
			<key>runOnlyForDeploymentPostprocessing</key>
			<string>0</string>
			<key>shellPath</key>
			<string>/bin/sh</string>
			<key>shellScript</key>
			<string>diff "${PODS_ROOT}/../Podfile.lock" "${PODS_ROOT}/Manifest.lock" &gt; /dev/null
if [[ $? != 0 ]] ; then
    cat &lt;&lt; EOM
error: The sandbox is not in sync with the Podfile.lock. Run 'pod install' or update your CocoaPods installation.
EOM
    exit 1
fi
</string>
			<key>showEnvVarsInLog</key>
			<string>0</string>
		</dict>
		<key>3D84AFA8E9F5B30D7C62C404</key>
		<dict>
			<key>includeInIndex</key>
			<string>1</string>
			<key>isa</key>
			<string>PBXFileReference</string>
			<key>lastKnownFileType</key>
			<string>text.xcconfig</string>
			<key>name</key>
			<string>Pods-Inspection Form App.release.xcconfig</string>
			<key>path</key>
			<string>Pods/Target Support Files/Pods-Inspection Form App/Pods-Inspection Form App.release.xcconfig</string>
			<key>sourceTree</key>
			<string>&lt;group&gt;</string>
		</dict>
		<key>75F0F745295218DBBA164DA6</key>
		<dict>
			<key>explicitFileType</key>
			<string>archive.ar</string>
			<key>includeInIndex</key>
			<string>0</string>
			<key>isa</key>
			<string>PBXFileReference</string>
			<key>path</key>
			<string>libPods-Inspection Form App.a</string>
			<key>sourceTree</key>
			<string>BUILT_PRODUCTS_DIR</string>
		</dict>
		<key>8B0787C215113448006857A8</key>
		<dict>
			<key>fileEncoding</key>
			<string>4</string>
			<key>isa</key>
			<string>PBXFileReference</string>
			<key>lastKnownFileType</key>
			<string>sourcecode.c.h</string>
			<key>path</key>
			<string>TableViewController.h</string>
			<key>sourceTree</key>
			<string>&lt;group&gt;</string>
		</dict>
		<key>8B0787C315113448006857A8</key>
		<dict>
			<key>fileEncoding</key>
			<string>4</string>
			<key>isa</key>
			<string>PBXFileReference</string>
			<key>lastKnownFileType</key>
			<string>sourcecode.c.objc</string>
			<key>path</key>
			<string>TableViewController.m</string>
			<key>sourceTree</key>
			<string>&lt;group&gt;</string>
		</dict>
		<key>8B0787C415113448006857A8</key>
		<dict>
			<key>fileRef</key>
			<string>8B0787C315113448006857A8</string>
			<key>isa</key>
			<string>PBXBuildFile</string>
		</dict>
		<key>8B0787C515113796006857A8</key>
		<dict>
			<key>fileEncoding</key>
			<string>4</string>
			<key>isa</key>
			<string>PBXFileReference</string>
			<key>lastKnownFileType</key>
			<string>sourcecode.c.h</string>
			<key>path</key>
			<string>Parts.h</string>
			<key>sourceTree</key>
			<string>&lt;group&gt;</string>
		</dict>
		<key>8B0787C615113796006857A8</key>
		<dict>
			<key>fileEncoding</key>
			<string>4</string>
			<key>isa</key>
			<string>PBXFileReference</string>
			<key>lastKnownFileType</key>
			<string>sourcecode.c.objc</string>
			<key>path</key>
			<string>Parts.m</string>
			<key>sourceTree</key>
			<string>&lt;group&gt;</string>
		</dict>
		<key>8B0787C715113796006857A8</key>
		<dict>
			<key>fileRef</key>
			<string>8B0787C615113796006857A8</string>
			<key>isa</key>
			<string>PBXBuildFile</string>
		</dict>
		<key>8B544610150F0C3E007E1CA9</key>
		<dict>
			<key>fileEncoding</key>
			<string>4</string>
			<key>isa</key>
			<string>PBXFileReference</string>
			<key>lastKnownFileType</key>
			<string>sourcecode.c.h</string>
			<key>path</key>
			<string>GradientView.h</string>
			<key>sourceTree</key>
			<string>&lt;group&gt;</string>
		</dict>
		<key>8B544611150F0C3E007E1CA9</key>
		<dict>
			<key>fileEncoding</key>
			<string>4</string>
			<key>isa</key>
			<string>PBXFileReference</string>
			<key>lastKnownFileType</key>
			<string>sourcecode.c.objc</string>
			<key>path</key>
			<string>GradientView.m</string>
			<key>sourceTree</key>
			<string>&lt;group&gt;</string>
		</dict>
		<key>8B544612150F0C3E007E1CA9</key>
		<dict>
			<key>fileRef</key>
			<string>8B544611150F0C3E007E1CA9</string>
			<key>isa</key>
			<string>PBXBuildFile</string>
		</dict>
		<key>8B6BA17C1708BF1B00E08D9D</key>
		<dict>
			<key>children</key>
			<array>
				<string>8B6BA17D1708BF1B00E08D9D</string>
				<string>8B6BA1801708BF1B00E08D9D</string>
				<string>8B6BA1811708BF1B00E08D9D</string>
				<string>8B6BA1821708BF1B00E08D9D</string>
			</array>
			<key>isa</key>
			<string>PBXGroup</string>
			<key>path</key>
			<string>T1Autograph</string>
			<key>sourceTree</key>
			<string>&lt;group&gt;</string>
		</dict>
		<key>8B6BA17D1708BF1B00E08D9D</key>
		<dict>
			<key>children</key>
			<array>
				<string>8B6BA17E1708BF1B00E08D9D</string>
				<string>8B6BA17F1708BF1B00E08D9D</string>
			</array>
			<key>isa</key>
			<string>PBXGroup</string>
			<key>path</key>
			<string>Images</string>
			<key>sourceTree</key>
			<string>&lt;group&gt;</string>
		</dict>
		<key>8B6BA17E1708BF1B00E08D9D</key>
		<dict>
			<key>isa</key>
			<string>PBXFileReference</string>
			<key>lastKnownFileType</key>
			<string>image.png</string>
			<key>path</key>
			<string>autograph_x.png</string>
			<key>sourceTree</key>
			<string>&lt;group&gt;</string>
		</dict>
		<key>8B6BA17F1708BF1B00E08D9D</key>
		<dict>
			<key>isa</key>
			<string>PBXFileReference</string>
			<key>lastKnownFileType</key>
			<string>image.png</string>
			<key>path</key>
			<string>t1_logo.png</string>
			<key>sourceTree</key>
			<string>&lt;group&gt;</string>
		</dict>
		<key>8B6BA1801708BF1B00E08D9D</key>
		<dict>
			<key>isa</key>
			<string>PBXFileReference</string>
			<key>lastKnownFileType</key>
			<string>archive.ar</string>
			<key>path</key>
			<string>libT1Autograph.a</string>
			<key>sourceTree</key>
			<string>&lt;group&gt;</string>
		</dict>
		<key>8B6BA1811708BF1B00E08D9D</key>
		<dict>
			<key>fileEncoding</key>
			<string>4</string>
			<key>isa</key>
			<string>PBXFileReference</string>
			<key>lastKnownFileType</key>
			<string>sourcecode.c.h</string>
			<key>path</key>
			<string>T1Autograph.h</string>
			<key>sourceTree</key>
			<string>&lt;group&gt;</string>
		</dict>
		<key>8B6BA1821708BF1B00E08D9D</key>
		<dict>
			<key>fileEncoding</key>
			<string>4</string>
			<key>isa</key>
			<string>PBXFileReference</string>
			<key>lastKnownFileType</key>
			<string>sourcecode.c.h</string>
			<key>path</key>
			<string>T1Signature.h</string>
			<key>sourceTree</key>
			<string>&lt;group&gt;</string>
		</dict>
		<key>8B6BA1831708BF1B00E08D9D</key>
		<dict>
			<key>fileRef</key>
			<string>8B6BA17E1708BF1B00E08D9D</string>
			<key>isa</key>
			<string>PBXBuildFile</string>
		</dict>
		<key>8B6BA1841708BF1B00E08D9D</key>
		<dict>
			<key>fileRef</key>
			<string>8B6BA17F1708BF1B00E08D9D</string>
			<key>isa</key>
			<string>PBXBuildFile</string>
		</dict>
		<key>8BC58443150ABD87000AC695</key>
		<dict>
			<key>children</key>
			<array>
				<string>F49DDEB51ACCDC4800A02162</string>
				<string>F49DDEAB1ACCCB2700A02162</string>
				<string>F49DDEAC1ACCCB2700A02162</string>
				<string>F49DDEA01ACCC5CE00A02162</string>
				<string>CE147B671836844C005CC483</string>
				<string>CE147B681836844C005CC483</string>
				<string>CE147B631835C263005CC483</string>
				<string>CE40D38D18087F290080E9BD</string>
				<string>8B6BA17C1708BF1B00E08D9D</string>
				<string>8BF09E73153A53E200E1BCB3</string>
				<string>8BF3876F15239E1200C3F368</string>
				<string>8BE8C6FA151538B700D5C7F2</string>
				<string>8BC58458150ABD87000AC695</string>
				<string>8BC58476150ABD88000AC695</string>
				<string>8BC58451150ABD87000AC695</string>
				<string>8BC5844F150ABD87000AC695</string>
				<string>BC9FDC5E9812E79FC3CEC513</string>
			</array>
			<key>isa</key>
			<string>PBXGroup</string>
			<key>sourceTree</key>
			<string>&lt;group&gt;</string>
		</dict>
		<key>8BC58445150ABD87000AC695</key>
		<dict>
			<key>attributes</key>
			<dict>
				<key>LastUpgradeCheck</key>
				<string>0430</string>
				<key>TargetAttributes</key>
				<dict>
					<key>8BC5844D150ABD87000AC695</key>
					<dict>
						<key>DevelopmentTeam</key>
						<string>HJPTQ3N75W</string>
					</dict>
				</dict>
			</dict>
			<key>buildConfigurationList</key>
			<string>8BC58448150ABD87000AC695</string>
			<key>compatibilityVersion</key>
			<string>Xcode 3.2</string>
			<key>developmentRegion</key>
			<string>English</string>
			<key>hasScannedForEncodings</key>
			<string>0</string>
			<key>isa</key>
			<string>PBXProject</string>
			<key>knownRegions</key>
			<array>
				<string>en</string>
			</array>
			<key>mainGroup</key>
			<string>8BC58443150ABD87000AC695</string>
			<key>productRefGroup</key>
			<string>8BC5844F150ABD87000AC695</string>
			<key>projectDirPath</key>
			<string></string>
			<key>projectReferences</key>
			<array/>
			<key>projectRoot</key>
			<string></string>
			<key>targets</key>
			<array>
				<string>8BC5844D150ABD87000AC695</string>
				<string>8BC5846E150ABD88000AC695</string>
			</array>
		</dict>
		<key>8BC58448150ABD87000AC695</key>
		<dict>
			<key>buildConfigurations</key>
			<array>
				<string>8BC5847F150ABD88000AC695</string>
				<string>8BC58480150ABD88000AC695</string>
			</array>
			<key>defaultConfigurationIsVisible</key>
			<string>0</string>
			<key>defaultConfigurationName</key>
			<string>Release</string>
			<key>isa</key>
			<string>XCConfigurationList</string>
		</dict>
		<key>8BC5844A150ABD87000AC695</key>
		<dict>
			<key>buildActionMask</key>
			<string>2147483647</string>
			<key>files</key>
			<array>
				<string>CE147B661835C2EA005CC483</string>
				<string>8BC5845F150ABD87000AC695</string>
				<string>F49DDEDF1ACF332900A02162</string>
				<string>F453A3B21AD43E3B00319D7A</string>
				<string>8BC58463150ABD87000AC695</string>
				<string>CE40D39A180894300080E9BD</string>
				<string>8BC58466150ABD87000AC695</string>
				<string>F49DDED91ACCED1600A02162</string>
				<string>8BECD3BC150E920500616735</string>
				<string>F49DDEE51ACF33F100A02162</string>
				<string>F453A3AF1AD3354700319D7A</string>
				<string>F49DDEA71ACCC60C00A02162</string>
				<string>8BECD3BF150E934900616735</string>
				<string>8B544612150F0C3E007E1CA9</string>
				<string>F453A3B51AD43FB200319D7A</string>
				<string>8B0787C415113448006857A8</string>
				<string>CE147B691836844C005CC483</string>
				<string>8B0787C715113796006857A8</string>
				<string>CE486AE6180F1E4200B1B953</string>
				<string>CE798DB7180F369600C2E5A0</string>
				<string>CE486ACB180C83E900B1B953</string>
				<string>8BE881F81513F82400360C63</string>
				<string>8BE881FC1513FA4200360C63</string>
				<string>8BF10A9C152FB93D00DC5F05</string>
				<string>CE40D38B18087BC20080E9BD</string>
				<string>F49DDEB11ACCDA5C00A02162</string>
				<string>CE486AE2180F17DC00B1B953</string>
				<string>8BE9DE801616355800906B98</string>
				<string>F49DDEAD1ACCCB2700A02162</string>
			</array>
			<key>isa</key>
			<string>PBXSourcesBuildPhase</string>
			<key>runOnlyForDeploymentPostprocessing</key>
			<string>0</string>
		</dict>
		<key>8BC5844B150ABD87000AC695</key>
		<dict>
			<key>buildActionMask</key>
			<string>2147483647</string>
			<key>files</key>
			<array>
				<string>CE27C22A1823537B00EDDFC1</string>
				<string>CE27C2161821BB0000EDDFC1</string>
				<string>CE40D39418087F970080E9BD</string>
				<string>CE40D39218087F810080E9BD</string>
				<string>8BF09E74153A53E200E1BCB3</string>
				<string>CE40D39018087F670080E9BD</string>
				<string>8BF3877015239E1200C3F368</string>
				<string>8BC7D9D31522ACE000D1A863</string>
				<string>8BE8C6FB151538B700D5C7F2</string>
				<string>8BC58453150ABD87000AC695</string>
				<string>8BC58455150ABD87000AC695</string>
				<string>8BC58457150ABD87000AC695</string>
				<string>1161BA65DAF8BD69B4D93FD5</string>
			</array>
			<key>isa</key>
			<string>PBXFrameworksBuildPhase</string>
			<key>runOnlyForDeploymentPostprocessing</key>
			<string>0</string>
		</dict>
		<key>8BC5844C150ABD87000AC695</key>
		<dict>
			<key>buildActionMask</key>
			<string>2147483647</string>
			<key>files</key>
			<array>
				<string>8BC5845D150ABD87000AC695</string>
				<string>CEFD6D70183A8705001764E9</string>
				<string>CEFD6D72183A87D8001764E9</string>
				<string>CE8028AD1837337C00B40DCB</string>
				<string>CE3992751805FD08003AE30B</string>
				<string>8B6BA1831708BF1B00E08D9D</string>
				<string>8B6BA1841708BF1B00E08D9D</string>
				<string>CE9A27381716A63200FE3D32</string>
				<string>CE9A273C1716A70E00FE3D32</string>
				<string>CEFD6D2D1839575E001764E9</string>
				<string>CE9775D91718C2660037967E</string>
			</array>
			<key>isa</key>
			<string>PBXResourcesBuildPhase</string>
			<key>runOnlyForDeploymentPostprocessing</key>
			<string>0</string>
		</dict>
		<key>8BC5844D150ABD87000AC695</key>
		<dict>
			<key>buildConfigurationList</key>
			<string>8BC58481150ABD88000AC695</string>
			<key>buildPhases</key>
			<array>
				<string>12D7C41C3A7D475C14C223B7</string>
				<string>8BC5844A150ABD87000AC695</string>
				<string>8BC5844B150ABD87000AC695</string>
				<string>8BC5844C150ABD87000AC695</string>
				<string>A0995222D9DDBB7A6B3F0375</string>
			</array>
			<key>buildRules</key>
			<array/>
			<key>dependencies</key>
			<array/>
			<key>isa</key>
			<string>PBXNativeTarget</string>
			<key>name</key>
			<string>Inspection Form App</string>
			<key>productName</key>
			<string>Inspection Form App</string>
			<key>productReference</key>
			<string>8BC5844E150ABD87000AC695</string>
			<key>productType</key>
			<string>com.apple.product-type.application</string>
		</dict>
		<key>8BC5844E150ABD87000AC695</key>
		<dict>
			<key>explicitFileType</key>
			<string>wrapper.application</string>
			<key>includeInIndex</key>
			<string>0</string>
			<key>isa</key>
			<string>PBXFileReference</string>
			<key>path</key>
			<string>Inspection Form App.app</string>
			<key>sourceTree</key>
			<string>BUILT_PRODUCTS_DIR</string>
		</dict>
		<key>8BC5844F150ABD87000AC695</key>
		<dict>
			<key>children</key>
			<array>
				<string>8BC5844E150ABD87000AC695</string>
				<string>8BC5846F150ABD88000AC695</string>
			</array>
			<key>isa</key>
			<string>PBXGroup</string>
			<key>name</key>
			<string>Products</string>
			<key>sourceTree</key>
			<string>&lt;group&gt;</string>
		</dict>
		<key>8BC58451150ABD87000AC695</key>
		<dict>
			<key>children</key>
			<array>
				<string>CE27C21F18234FC100EDDFC1</string>
				<string>CE27C2151821BB0000EDDFC1</string>
				<string>CE40D39318087F970080E9BD</string>
				<string>CE40D39118087F810080E9BD</string>
				<string>CE40D38F18087F670080E9BD</string>
				<string>8BC58452150ABD87000AC695</string>
				<string>8BC58454150ABD87000AC695</string>
				<string>8BC58456150ABD87000AC695</string>
				<string>8BC58470150ABD88000AC695</string>
				<string>75F0F745295218DBBA164DA6</string>
			</array>
			<key>isa</key>
			<string>PBXGroup</string>
			<key>name</key>
			<string>Frameworks</string>
			<key>sourceTree</key>
			<string>&lt;group&gt;</string>
		</dict>
		<key>8BC58452150ABD87000AC695</key>
		<dict>
			<key>isa</key>
			<string>PBXFileReference</string>
			<key>lastKnownFileType</key>
			<string>wrapper.framework</string>
			<key>name</key>
			<string>UIKit.framework</string>
			<key>path</key>
			<string>System/Library/Frameworks/UIKit.framework</string>
			<key>sourceTree</key>
			<string>SDKROOT</string>
		</dict>
		<key>8BC58453150ABD87000AC695</key>
		<dict>
			<key>fileRef</key>
			<string>8BC58452150ABD87000AC695</string>
			<key>isa</key>
			<string>PBXBuildFile</string>
		</dict>
		<key>8BC58454150ABD87000AC695</key>
		<dict>
			<key>isa</key>
			<string>PBXFileReference</string>
			<key>lastKnownFileType</key>
			<string>wrapper.framework</string>
			<key>name</key>
			<string>Foundation.framework</string>
			<key>path</key>
			<string>System/Library/Frameworks/Foundation.framework</string>
			<key>sourceTree</key>
			<string>SDKROOT</string>
		</dict>
		<key>8BC58455150ABD87000AC695</key>
		<dict>
			<key>fileRef</key>
			<string>8BC58454150ABD87000AC695</string>
			<key>isa</key>
			<string>PBXBuildFile</string>
		</dict>
		<key>8BC58456150ABD87000AC695</key>
		<dict>
			<key>isa</key>
			<string>PBXFileReference</string>
			<key>lastKnownFileType</key>
			<string>wrapper.framework</string>
			<key>name</key>
			<string>CoreGraphics.framework</string>
			<key>path</key>
			<string>System/Library/Frameworks/CoreGraphics.framework</string>
			<key>sourceTree</key>
			<string>SDKROOT</string>
		</dict>
		<key>8BC58457150ABD87000AC695</key>
		<dict>
			<key>fileRef</key>
			<string>8BC58456150ABD87000AC695</string>
			<key>isa</key>
			<string>PBXBuildFile</string>
		</dict>
		<key>8BC58458150ABD87000AC695</key>
		<dict>
			<key>children</key>
			<array>
				<string>CE38513D18107296003629DA</string>
				<string>CE798DB4180F35E400C2E5A0</string>
				<string>CE486ADC180F179A00B1B953</string>
				<string>CE9A273B1716A70E00FE3D32</string>
				<string>CE9775D81718C2660037967E</string>
				<string>8BC7D9D21522ACE000D1A863</string>
				<string>8BDF9998150C209A0069C35B</string>
				<string>CE486AD6180CB1A200B1B953</string>
				<string>CE486AD8180CB1B300B1B953</string>
				<string>CE486AD7180CB1AD00B1B953</string>
				<string>CE40D39B180894380080E9BD</string>
				<string>CE486AD9180CB1C200B1B953</string>
				<string>CE486ADA180CB1DE00B1B953</string>
				<string>CE40D38C18087BCA0080E9BD</string>
				<string>CE486AD5180CB17C00B1B953</string>
				<string>CE486AD4180CB16900B1B953</string>
				<string>CE9A27371716A63200FE3D32</string>
				<string>CE486ACF180CB14100B1B953</string>
				<string>CE486ACE180CB13700B1B953</string>
				<string>CE486ACD180CB13100B1B953</string>
				<string>CE486ACC180CB12B00B1B953</string>
				<string>CE486AD0180CB14A00B1B953</string>
				<string>CE486AD1180CB15200B1B953</string>
				<string>CE486AD2180CB15800B1B953</string>
				<string>CE486AD3180CB15E00B1B953</string>
				<string>8BC58459150ABD87000AC695</string>
			</array>
			<key>isa</key>
			<string>PBXGroup</string>
			<key>path</key>
			<string>Inspection Form App</string>
			<key>sourceTree</key>
			<string>&lt;group&gt;</string>
		</dict>
		<key>8BC58459150ABD87000AC695</key>
		<dict>
			<key>children</key>
			<array>
				<string>CEFD6D6F183A8705001764E9</string>
				<string>8BC5845A150ABD87000AC695</string>
				<string>8BC5845B150ABD87000AC695</string>
				<string>8BC5845E150ABD87000AC695</string>
				<string>8BC58460150ABD87000AC695</string>
			</array>
			<key>isa</key>
			<string>PBXGroup</string>
			<key>name</key>
			<string>Supporting Files</string>
			<key>sourceTree</key>
			<string>&lt;group&gt;</string>
		</dict>
		<key>8BC5845A150ABD87000AC695</key>
		<dict>
			<key>isa</key>
			<string>PBXFileReference</string>
			<key>lastKnownFileType</key>
			<string>text.plist.xml</string>
			<key>path</key>
			<string>Inspection Form App-Info.plist</string>
			<key>sourceTree</key>
			<string>&lt;group&gt;</string>
		</dict>
		<key>8BC5845B150ABD87000AC695</key>
		<dict>
			<key>children</key>
			<array>
				<string>8BC5845C150ABD87000AC695</string>
			</array>
			<key>isa</key>
			<string>PBXVariantGroup</string>
			<key>name</key>
			<string>InfoPlist.strings</string>
			<key>sourceTree</key>
			<string>&lt;group&gt;</string>
		</dict>
		<key>8BC5845C150ABD87000AC695</key>
		<dict>
			<key>isa</key>
			<string>PBXFileReference</string>
			<key>lastKnownFileType</key>
			<string>text.plist.strings</string>
			<key>name</key>
			<string>en</string>
			<key>path</key>
			<string>en.lproj/InfoPlist.strings</string>
			<key>sourceTree</key>
			<string>&lt;group&gt;</string>
		</dict>
		<key>8BC5845D150ABD87000AC695</key>
		<dict>
			<key>fileRef</key>
			<string>8BC5845B150ABD87000AC695</string>
			<key>isa</key>
			<string>PBXBuildFile</string>
		</dict>
		<key>8BC5845E150ABD87000AC695</key>
		<dict>
			<key>isa</key>
			<string>PBXFileReference</string>
			<key>lastKnownFileType</key>
			<string>sourcecode.c.objc</string>
			<key>path</key>
			<string>main.m</string>
			<key>sourceTree</key>
			<string>&lt;group&gt;</string>
		</dict>
		<key>8BC5845F150ABD87000AC695</key>
		<dict>
			<key>fileRef</key>
			<string>8BC5845E150ABD87000AC695</string>
			<key>isa</key>
			<string>PBXBuildFile</string>
		</dict>
		<key>8BC58460150ABD87000AC695</key>
		<dict>
			<key>isa</key>
			<string>PBXFileReference</string>
			<key>lastKnownFileType</key>
			<string>sourcecode.c.h</string>
			<key>path</key>
			<string>Inspection Form App-Prefix.pch</string>
			<key>sourceTree</key>
			<string>&lt;group&gt;</string>
		</dict>
		<key>8BC58461150ABD87000AC695</key>
		<dict>
			<key>isa</key>
			<string>PBXFileReference</string>
			<key>lastKnownFileType</key>
			<string>sourcecode.c.h</string>
			<key>path</key>
			<string>AppDelegate.h</string>
			<key>sourceTree</key>
			<string>&lt;group&gt;</string>
		</dict>
		<key>8BC58462150ABD87000AC695</key>
		<dict>
			<key>isa</key>
			<string>PBXFileReference</string>
			<key>lastKnownFileType</key>
			<string>sourcecode.c.objc</string>
			<key>path</key>
			<string>AppDelegate.m</string>
			<key>sourceTree</key>
			<string>&lt;group&gt;</string>
		</dict>
		<key>8BC58463150ABD87000AC695</key>
		<dict>
			<key>fileRef</key>
			<string>8BC58462150ABD87000AC695</string>
			<key>isa</key>
			<string>PBXBuildFile</string>
		</dict>
		<key>8BC58464150ABD87000AC695</key>
		<dict>
			<key>isa</key>
			<string>PBXFileReference</string>
			<key>lastKnownFileType</key>
			<string>sourcecode.c.h</string>
			<key>path</key>
			<string>ViewController.h</string>
			<key>sourceTree</key>
			<string>&lt;group&gt;</string>
		</dict>
		<key>8BC58465150ABD87000AC695</key>
		<dict>
			<key>isa</key>
			<string>PBXFileReference</string>
			<key>lastKnownFileType</key>
			<string>sourcecode.c.objc</string>
			<key>path</key>
			<string>ViewController.m</string>
			<key>sourceTree</key>
			<string>&lt;group&gt;</string>
		</dict>
		<key>8BC58466150ABD87000AC695</key>
		<dict>
			<key>fileRef</key>
			<string>8BC58465150ABD87000AC695</string>
			<key>isa</key>
			<string>PBXBuildFile</string>
		</dict>
		<key>8BC5846A150ABD88000AC695</key>
		<dict>
			<key>buildActionMask</key>
			<string>2147483647</string>
			<key>files</key>
			<array>
				<string>8BC5847E150ABD88000AC695</string>
			</array>
			<key>isa</key>
			<string>PBXSourcesBuildPhase</string>
			<key>runOnlyForDeploymentPostprocessing</key>
			<string>0</string>
		</dict>
		<key>8BC5846B150ABD88000AC695</key>
		<dict>
			<key>buildActionMask</key>
			<string>2147483647</string>
			<key>files</key>
			<array>
				<string>CE6F9359182416EA008E1DDC</string>
				<string>CE27C22B1823605500EDDFC1</string>
				<string>8BC58472150ABD88000AC695</string>
				<string>8BC58473150ABD88000AC695</string>
			</array>
			<key>isa</key>
			<string>PBXFrameworksBuildPhase</string>
			<key>runOnlyForDeploymentPostprocessing</key>
			<string>0</string>
		</dict>
		<key>8BC5846C150ABD88000AC695</key>
		<dict>
			<key>buildActionMask</key>
			<string>2147483647</string>
			<key>files</key>
			<array>
				<string>8BC5847B150ABD88000AC695</string>
			</array>
			<key>isa</key>
			<string>PBXResourcesBuildPhase</string>
			<key>runOnlyForDeploymentPostprocessing</key>
			<string>0</string>
		</dict>
		<key>8BC5846D150ABD88000AC695</key>
		<dict>
			<key>buildActionMask</key>
			<string>2147483647</string>
			<key>files</key>
			<array/>
			<key>inputPaths</key>
			<array/>
			<key>isa</key>
			<string>PBXShellScriptBuildPhase</string>
			<key>outputPaths</key>
			<array/>
			<key>runOnlyForDeploymentPostprocessing</key>
			<string>0</string>
			<key>shellPath</key>
			<string>/bin/sh</string>
			<key>shellScript</key>
			<string># Run the unit tests in this test bundle.
"${SYSTEM_DEVELOPER_DIR}/Tools/RunUnitTests"
</string>
		</dict>
		<key>8BC5846E150ABD88000AC695</key>
		<dict>
			<key>buildConfigurationList</key>
			<string>8BC58484150ABD88000AC695</string>
			<key>buildPhases</key>
			<array>
				<string>8BC5846A150ABD88000AC695</string>
				<string>8BC5846B150ABD88000AC695</string>
				<string>8BC5846C150ABD88000AC695</string>
				<string>8BC5846D150ABD88000AC695</string>
			</array>
			<key>buildRules</key>
			<array/>
			<key>dependencies</key>
			<array>
				<string>8BC58475150ABD88000AC695</string>
			</array>
			<key>isa</key>
			<string>PBXNativeTarget</string>
			<key>name</key>
			<string>Inspection Form AppTests</string>
			<key>productName</key>
			<string>Inspection Form AppTests</string>
			<key>productReference</key>
			<string>8BC5846F150ABD88000AC695</string>
			<key>productType</key>
			<string>com.apple.product-type.bundle.ocunit-test</string>
		</dict>
		<key>8BC5846F150ABD88000AC695</key>
		<dict>
			<key>explicitFileType</key>
			<string>wrapper.cfbundle</string>
			<key>includeInIndex</key>
			<string>0</string>
			<key>isa</key>
			<string>PBXFileReference</string>
			<key>path</key>
			<string>Inspection Form AppTests.octest</string>
			<key>sourceTree</key>
			<string>BUILT_PRODUCTS_DIR</string>
		</dict>
		<key>8BC58470150ABD88000AC695</key>
		<dict>
			<key>isa</key>
			<string>PBXFileReference</string>
			<key>lastKnownFileType</key>
			<string>wrapper.framework</string>
			<key>name</key>
			<string>SenTestingKit.framework</string>
			<key>path</key>
			<string>Library/Frameworks/SenTestingKit.framework</string>
			<key>sourceTree</key>
			<string>DEVELOPER_DIR</string>
		</dict>
		<key>8BC58472150ABD88000AC695</key>
		<dict>
			<key>fileRef</key>
			<string>8BC58452150ABD87000AC695</string>
			<key>isa</key>
			<string>PBXBuildFile</string>
		</dict>
		<key>8BC58473150ABD88000AC695</key>
		<dict>
			<key>fileRef</key>
			<string>8BC58454150ABD87000AC695</string>
			<key>isa</key>
			<string>PBXBuildFile</string>
		</dict>
		<key>8BC58474150ABD88000AC695</key>
		<dict>
			<key>containerPortal</key>
			<string>8BC58445150ABD87000AC695</string>
			<key>isa</key>
			<string>PBXContainerItemProxy</string>
			<key>proxyType</key>
			<string>1</string>
			<key>remoteGlobalIDString</key>
			<string>8BC5844D150ABD87000AC695</string>
			<key>remoteInfo</key>
			<string>Inspection Form App</string>
		</dict>
		<key>8BC58475150ABD88000AC695</key>
		<dict>
			<key>isa</key>
			<string>PBXTargetDependency</string>
			<key>target</key>
			<string>8BC5844D150ABD87000AC695</string>
			<key>targetProxy</key>
			<string>8BC58474150ABD88000AC695</string>
		</dict>
		<key>8BC58476150ABD88000AC695</key>
		<dict>
			<key>children</key>
			<array>
				<string>CE6F935A18241825008E1DDC</string>
				<string>8BC5847D150ABD88000AC695</string>
				<string>8BC58477150ABD88000AC695</string>
			</array>
			<key>isa</key>
			<string>PBXGroup</string>
			<key>path</key>
			<string>Inspection Form AppTests</string>
			<key>sourceTree</key>
			<string>&lt;group&gt;</string>
		</dict>
		<key>8BC58477150ABD88000AC695</key>
		<dict>
			<key>children</key>
			<array>
				<string>8BC58478150ABD88000AC695</string>
				<string>8BC58479150ABD88000AC695</string>
			</array>
			<key>isa</key>
			<string>PBXGroup</string>
			<key>name</key>
			<string>Supporting Files</string>
			<key>sourceTree</key>
			<string>&lt;group&gt;</string>
		</dict>
		<key>8BC58478150ABD88000AC695</key>
		<dict>
			<key>isa</key>
			<string>PBXFileReference</string>
			<key>lastKnownFileType</key>
			<string>text.plist.xml</string>
			<key>path</key>
			<string>Inspection Form AppTests-Info.plist</string>
			<key>sourceTree</key>
			<string>&lt;group&gt;</string>
		</dict>
		<key>8BC58479150ABD88000AC695</key>
		<dict>
			<key>children</key>
			<array>
				<string>8BC5847A150ABD88000AC695</string>
			</array>
			<key>isa</key>
			<string>PBXVariantGroup</string>
			<key>name</key>
			<string>InfoPlist.strings</string>
			<key>sourceTree</key>
			<string>&lt;group&gt;</string>
		</dict>
		<key>8BC5847A150ABD88000AC695</key>
		<dict>
			<key>isa</key>
			<string>PBXFileReference</string>
			<key>lastKnownFileType</key>
			<string>text.plist.strings</string>
			<key>name</key>
			<string>en</string>
			<key>path</key>
			<string>en.lproj/InfoPlist.strings</string>
			<key>sourceTree</key>
			<string>&lt;group&gt;</string>
		</dict>
		<key>8BC5847B150ABD88000AC695</key>
		<dict>
			<key>fileRef</key>
			<string>8BC58479150ABD88000AC695</string>
			<key>isa</key>
			<string>PBXBuildFile</string>
		</dict>
		<key>8BC5847D150ABD88000AC695</key>
		<dict>
			<key>isa</key>
			<string>PBXFileReference</string>
			<key>lastKnownFileType</key>
			<string>sourcecode.c.objc</string>
			<key>path</key>
			<string>Inspection_Form_AppTests.m</string>
			<key>sourceTree</key>
			<string>&lt;group&gt;</string>
		</dict>
		<key>8BC5847E150ABD88000AC695</key>
		<dict>
			<key>fileRef</key>
			<string>8BC5847D150ABD88000AC695</string>
			<key>isa</key>
			<string>PBXBuildFile</string>
		</dict>
		<key>8BC5847F150ABD88000AC695</key>
		<dict>
			<key>buildSettings</key>
			<dict>
				<key>ALWAYS_SEARCH_USER_PATHS</key>
				<string>NO</string>
				<key>ARCHS</key>
				<string>$(ARCHS_STANDARD_32_BIT)</string>
				<key>CLANG_ENABLE_OBJC_ARC</key>
				<string>YES</string>
				<key>CODE_SIGN_IDENTITY</key>
				<string>iPhone Developer</string>
				<key>CODE_SIGN_IDENTITY[sdk=iphoneos*]</key>
				<string>iPhone Developer</string>
				<key>COPY_PHASE_STRIP</key>
				<string>NO</string>
				<key>GCC_C_LANGUAGE_STANDARD</key>
				<string>gnu99</string>
				<key>GCC_DYNAMIC_NO_PIC</key>
				<string>NO</string>
				<key>GCC_OPTIMIZATION_LEVEL</key>
				<string>0</string>
				<key>GCC_PREPROCESSOR_DEFINITIONS</key>
				<array>
					<string>DEBUG=1</string>
					<string>$(inherited)</string>
				</array>
				<key>GCC_SYMBOLS_PRIVATE_EXTERN</key>
				<string>NO</string>
				<key>GCC_VERSION</key>
				<string>com.apple.compilers.llvm.clang.1_0</string>
				<key>GCC_WARN_ABOUT_RETURN_TYPE</key>
				<string>YES</string>
				<key>GCC_WARN_UNINITIALIZED_AUTOS</key>
				<string>YES</string>
				<key>GCC_WARN_UNUSED_VARIABLE</key>
				<string>YES</string>
				<key>IPHONEOS_DEPLOYMENT_TARGET</key>
				<string>6.0</string>
				<key>PROVISIONING_PROFILE</key>
				<string></string>
				<key>SDKROOT</key>
				<string>iphoneos</string>
				<key>TARGETED_DEVICE_FAMILY</key>
				<string>2</string>
			</dict>
			<key>isa</key>
			<string>XCBuildConfiguration</string>
			<key>name</key>
			<string>Debug</string>
		</dict>
		<key>8BC58480150ABD88000AC695</key>
		<dict>
			<key>buildSettings</key>
			<dict>
				<key>ALWAYS_SEARCH_USER_PATHS</key>
				<string>NO</string>
				<key>ARCHS</key>
				<string>$(ARCHS_STANDARD_32_BIT)</string>
				<key>CLANG_ENABLE_OBJC_ARC</key>
				<string>YES</string>
				<key>CODE_SIGN_IDENTITY</key>
				<string>iPhone Developer</string>
				<key>CODE_SIGN_IDENTITY[sdk=iphoneos*]</key>
				<string>iPhone Developer</string>
				<key>COPY_PHASE_STRIP</key>
				<string>YES</string>
				<key>GCC_C_LANGUAGE_STANDARD</key>
				<string>gnu99</string>
				<key>GCC_VERSION</key>
				<string>com.apple.compilers.llvm.clang.1_0</string>
				<key>GCC_WARN_ABOUT_RETURN_TYPE</key>
				<string>YES</string>
				<key>GCC_WARN_UNINITIALIZED_AUTOS</key>
				<string>YES</string>
				<key>GCC_WARN_UNUSED_VARIABLE</key>
				<string>YES</string>
				<key>IPHONEOS_DEPLOYMENT_TARGET</key>
				<string>6.0</string>
				<key>OTHER_CFLAGS</key>
				<string>-DNS_BLOCK_ASSERTIONS=1</string>
				<key>PROVISIONING_PROFILE</key>
				<string></string>
				<key>SDKROOT</key>
				<string>iphoneos</string>
				<key>TARGETED_DEVICE_FAMILY</key>
				<string>2</string>
				<key>VALIDATE_PRODUCT</key>
				<string>YES</string>
			</dict>
			<key>isa</key>
			<string>XCBuildConfiguration</string>
			<key>name</key>
			<string>Release</string>
		</dict>
		<key>8BC58481150ABD88000AC695</key>
		<dict>
			<key>buildConfigurations</key>
			<array>
				<string>8BC58482150ABD88000AC695</string>
				<string>8BC58483150ABD88000AC695</string>
			</array>
			<key>defaultConfigurationIsVisible</key>
			<string>0</string>
			<key>defaultConfigurationName</key>
			<string>Release</string>
			<key>isa</key>
			<string>XCConfigurationList</string>
		</dict>
		<key>8BC58482150ABD88000AC695</key>
		<dict>
			<key>baseConfigurationReference</key>
			<string>E1A4C2449B6DA9D1ED2E1AE3</string>
			<key>buildSettings</key>
			<dict>
				<key>ALWAYS_SEARCH_USER_PATHS</key>
				<string>YES</string>
				<key>ARCHS</key>
				<string>$(ARCHS_STANDARD)</string>
				<key>CODE_SIGN_IDENTITY</key>
				<string>iPhone Developer</string>
				<key>FRAMEWORK_SEARCH_PATHS</key>
				<array>
					<string>$(inherited)</string>
					<string>\\\"$(SRCROOT)/Inspection\\\ Form\\\ App/dropbox-ios-sdk-1.2.1\\\"</string>
					<string>\\\"$(SRCROOT)/../../Downloads/dropbox-ios-sdk-1.2.1\\\"</string>
					<string>\\\"$(SRCROOT)/../dropbox-ios-sdk-1.2.2\\\"</string>
					<string>$(SRCROOT)</string>
					<string>/Users/user/Documents/XCode\ Projects/Inspection\ Form\ App</string>
					<string>$(DEVELOPER_FRAMEWORKS_DIR)</string>
					<string>/Users/user/Documents/XCode_Projects/Inspection_Form_App</string>
				</array>
				<key>GCC_PRECOMPILE_PREFIX_HEADER</key>
				<string>YES</string>
				<key>GCC_PREFIX_HEADER</key>
				<string>Inspection Form App/Inspection Form App-Prefix.pch</string>
				<key>HEADER_SEARCH_PATHS[sdk=*]</key>
				<string>"${SRCROOT}/relative/path/to/RESTClient/Source"</string>
				<key>INFOPLIST_FILE</key>
				<string>Inspection Form App/Inspection Form App-Info.plist</string>
				<key>IPHONEOS_DEPLOYMENT_TARGET</key>
				<string>8.0</string>
				<key>LIBRARY_SEARCH_PATHS</key>
				<array>
					<string>$(inherited)</string>
					<string>"$(SRCROOT)/T1Autograph"</string>
				</array>
				<key>LIBRARY_SEARCH_PATHS[arch=*]</key>
				<array>
					<string>$(inherited)</string>
					<string>"$(SRCROOT)/T1Autograph"</string>
					<string>$(inherited)</string>
					<string>"$(SYSTEM_APPS_DIR)/Xcode.app/Contents/Developer/SDKs/MacOSX10.7.sdk/usr/lib"</string>
					<string>"$(SRCROOT)"</string>
				</array>
				<key>ONLY_ACTIVE_ARCH</key>
				<string>NO</string>
				<key>PRODUCT_NAME</key>
				<string>$(TARGET_NAME)</string>
				<key>PROVISIONING_PROFILE</key>
				<string></string>
				<key>TARGETED_DEVICE_FAMILY</key>
				<string>2</string>
				<key>VALID_ARCHS</key>
				<string>armv7</string>
				<key>WRAPPER_EXTENSION</key>
				<string>app</string>
			</dict>
			<key>isa</key>
			<string>XCBuildConfiguration</string>
			<key>name</key>
			<string>Debug</string>
		</dict>
		<key>8BC58483150ABD88000AC695</key>
		<dict>
			<key>baseConfigurationReference</key>
			<string>3D84AFA8E9F5B30D7C62C404</string>
			<key>buildSettings</key>
			<dict>
				<key>ALWAYS_SEARCH_USER_PATHS</key>
				<string>YES</string>
				<key>ARCHS</key>
				<string>$(ARCHS_STANDARD)</string>
				<key>CODE_SIGN_IDENTITY</key>
				<string>iPhone Developer</string>
				<key>FRAMEWORK_SEARCH_PATHS</key>
				<array>
					<string>$(inherited)</string>
					<string>\\\"$(SRCROOT)/Inspection\\\ Form\\\ App/dropbox-ios-sdk-1.2.1\\\"</string>
					<string>\\\"$(SRCROOT)/../../Downloads/dropbox-ios-sdk-1.2.1\\\"</string>
					<string>\\\"$(SRCROOT)/../dropbox-ios-sdk-1.2.2\\\"</string>
					<string>$(SRCROOT)</string>
					<string>/Users/user/Documents/XCode\ Projects/Inspection\ Form\ App</string>
					<string>$(DEVELOPER_FRAMEWORKS_DIR)</string>
					<string>/Users/user/Documents/XCode_Projects/Inspection_Form_App</string>
				</array>
				<key>GCC_PRECOMPILE_PREFIX_HEADER</key>
				<string>YES</string>
				<key>GCC_PREFIX_HEADER</key>
				<string>Inspection Form App/Inspection Form App-Prefix.pch</string>
				<key>INFOPLIST_FILE</key>
				<string>Inspection Form App/Inspection Form App-Info.plist</string>
				<key>IPHONEOS_DEPLOYMENT_TARGET</key>
				<string>8.0</string>
				<key>LIBRARY_SEARCH_PATHS</key>
				<array>
					<string>$(inherited)</string>
					<string>"$(SRCROOT)/T1Autograph"</string>
				</array>
				<key>ONLY_ACTIVE_ARCH</key>
				<string>NO</string>
				<key>PRODUCT_NAME</key>
				<string>$(TARGET_NAME)</string>
				<key>PROVISIONING_PROFILE</key>
				<string></string>
				<key>TARGETED_DEVICE_FAMILY</key>
				<string>2</string>
				<key>VALID_ARCHS</key>
				<string>armv7</string>
				<key>WRAPPER_EXTENSION</key>
				<string>app</string>
			</dict>
			<key>isa</key>
			<string>XCBuildConfiguration</string>
			<key>name</key>
			<string>Release</string>
		</dict>
		<key>8BC58484150ABD88000AC695</key>
		<dict>
			<key>buildConfigurations</key>
			<array>
				<string>8BC58485150ABD88000AC695</string>
				<string>8BC58486150ABD88000AC695</string>
			</array>
			<key>defaultConfigurationIsVisible</key>
			<string>0</string>
			<key>defaultConfigurationName</key>
			<string>Release</string>
			<key>isa</key>
			<string>XCConfigurationList</string>
		</dict>
		<key>8BC58485150ABD88000AC695</key>
		<dict>
			<key>buildSettings</key>
			<dict>
				<key>BUNDLE_LOADER</key>
				<string>$(BUILT_PRODUCTS_DIR)/Inspection Form App.app/Inspection Form App</string>
				<key>FRAMEWORK_SEARCH_PATHS</key>
				<array>
					<string>$(SDKROOT)/Developer/Library/Frameworks</string>
					<string>$(DEVELOPER_LIBRARY_DIR)/Frameworks</string>
					<string>/Users/user/Documents/XCode_Projects/Inspection_Form_App</string>
					<string>$(DEVELOPER_FRAMEWORKS_DIR)</string>
				</array>
				<key>GCC_PRECOMPILE_PREFIX_HEADER</key>
				<string>YES</string>
				<key>GCC_PREFIX_HEADER</key>
				<string>Inspection Form App/Inspection Form App-Prefix.pch</string>
				<key>INFOPLIST_FILE</key>
				<string>Inspection Form AppTests/Inspection Form AppTests-Info.plist</string>
				<key>PRODUCT_NAME</key>
				<string>$(TARGET_NAME)</string>
				<key>TEST_HOST</key>
				<string>$(BUNDLE_LOADER)</string>
				<key>WRAPPER_EXTENSION</key>
				<string>octest</string>
			</dict>
			<key>isa</key>
			<string>XCBuildConfiguration</string>
			<key>name</key>
			<string>Debug</string>
		</dict>
		<key>8BC58486150ABD88000AC695</key>
		<dict>
			<key>buildSettings</key>
			<dict>
				<key>BUNDLE_LOADER</key>
				<string>$(BUILT_PRODUCTS_DIR)/Inspection Form App.app/Inspection Form App</string>
				<key>FRAMEWORK_SEARCH_PATHS</key>
				<array>
					<string>$(SDKROOT)/Developer/Library/Frameworks</string>
					<string>$(DEVELOPER_LIBRARY_DIR)/Frameworks</string>
					<string>/Users/user/Documents/XCode_Projects/Inspection_Form_App</string>
					<string>$(DEVELOPER_FRAMEWORKS_DIR)</string>
				</array>
				<key>GCC_PRECOMPILE_PREFIX_HEADER</key>
				<string>YES</string>
				<key>GCC_PREFIX_HEADER</key>
				<string>Inspection Form App/Inspection Form App-Prefix.pch</string>
				<key>INFOPLIST_FILE</key>
				<string>Inspection Form AppTests/Inspection Form AppTests-Info.plist</string>
				<key>PRODUCT_NAME</key>
				<string>$(TARGET_NAME)</string>
				<key>TEST_HOST</key>
				<string>$(BUNDLE_LOADER)</string>
				<key>WRAPPER_EXTENSION</key>
				<string>octest</string>
			</dict>
			<key>isa</key>
			<string>XCBuildConfiguration</string>
			<key>name</key>
			<string>Release</string>
		</dict>
		<key>8BC7D9D21522ACE000D1A863</key>
		<dict>
			<key>isa</key>
			<string>PBXFileReference</string>
			<key>lastKnownFileType</key>
			<string>wrapper.framework</string>
			<key>name</key>
			<string>QuartzCore.framework</string>
			<key>path</key>
			<string>System/Library/Frameworks/QuartzCore.framework</string>
			<key>sourceTree</key>
			<string>SDKROOT</string>
		</dict>
		<key>8BC7D9D31522ACE000D1A863</key>
		<dict>
			<key>fileRef</key>
			<string>8BC7D9D21522ACE000D1A863</string>
			<key>isa</key>
			<string>PBXBuildFile</string>
		</dict>
		<key>8BDF9998150C209A0069C35B</key>
		<dict>
			<key>fileEncoding</key>
			<string>4</string>
			<key>isa</key>
			<string>PBXFileReference</string>
			<key>lastKnownFileType</key>
			<string>sourcecode.c.h</string>
			<key>name</key>
			<string>UICustomSwitch.h</string>
			<key>path</key>
			<string>../../../Downloads/UICustomSwitch/UICustomSwitch.h</string>
			<key>sourceTree</key>
			<string>&lt;group&gt;</string>
		</dict>
		<key>8BE881F61513F82400360C63</key>
		<dict>
			<key>fileEncoding</key>
			<string>4</string>
			<key>isa</key>
			<string>PBXFileReference</string>
			<key>lastKnownFileType</key>
			<string>sourcecode.c.h</string>
			<key>path</key>
			<string>ItemListConditionStorage.h</string>
			<key>sourceTree</key>
			<string>&lt;group&gt;</string>
		</dict>
		<key>8BE881F71513F82400360C63</key>
		<dict>
			<key>fileEncoding</key>
			<string>4</string>
			<key>isa</key>
			<string>PBXFileReference</string>
			<key>lastKnownFileType</key>
			<string>sourcecode.c.objc</string>
			<key>path</key>
			<string>ItemListConditionStorage.m</string>
			<key>sourceTree</key>
			<string>&lt;group&gt;</string>
		</dict>
		<key>8BE881F81513F82400360C63</key>
		<dict>
			<key>fileRef</key>
			<string>8BE881F71513F82400360C63</string>
			<key>isa</key>
			<string>PBXBuildFile</string>
		</dict>
		<key>8BE881FA1513FA4200360C63</key>
		<dict>
			<key>fileEncoding</key>
			<string>4</string>
			<key>isa</key>
			<string>PBXFileReference</string>
			<key>lastKnownFileType</key>
			<string>sourcecode.c.h</string>
			<key>path</key>
			<string>Condition.h</string>
			<key>sourceTree</key>
			<string>&lt;group&gt;</string>
		</dict>
		<key>8BE881FB1513FA4200360C63</key>
		<dict>
			<key>fileEncoding</key>
			<string>4</string>
			<key>isa</key>
			<string>PBXFileReference</string>
			<key>lastKnownFileType</key>
			<string>sourcecode.c.objc</string>
			<key>path</key>
			<string>Condition.m</string>
			<key>sourceTree</key>
			<string>&lt;group&gt;</string>
		</dict>
		<key>8BE881FC1513FA4200360C63</key>
		<dict>
			<key>fileRef</key>
			<string>8BE881FB1513FA4200360C63</string>
			<key>isa</key>
			<string>PBXBuildFile</string>
		</dict>
		<key>8BE8C6FA151538B700D5C7F2</key>
		<dict>
			<key>isa</key>
			<string>PBXFileReference</string>
			<key>lastKnownFileType</key>
			<string>compiled.mach-o.dylib</string>
			<key>name</key>
			<string>libsqlite3.dylib</string>
			<key>path</key>
			<string>usr/lib/libsqlite3.dylib</string>
			<key>sourceTree</key>
			<string>SDKROOT</string>
		</dict>
		<key>8BE8C6FB151538B700D5C7F2</key>
		<dict>
			<key>fileRef</key>
			<string>8BE8C6FA151538B700D5C7F2</string>
			<key>isa</key>
			<string>PBXBuildFile</string>
		</dict>
		<key>8BE9DE7E1616355800906B98</key>
		<dict>
			<key>fileEncoding</key>
			<string>4</string>
			<key>isa</key>
			<string>PBXFileReference</string>
			<key>lastKnownFileType</key>
			<string>sourcecode.c.h</string>
			<key>path</key>
			<string>OrdinalNumberFormatter.h</string>
			<key>sourceTree</key>
			<string>&lt;group&gt;</string>
		</dict>
		<key>8BE9DE7F1616355800906B98</key>
		<dict>
			<key>fileEncoding</key>
			<string>4</string>
			<key>isa</key>
			<string>PBXFileReference</string>
			<key>lastKnownFileType</key>
			<string>sourcecode.c.objc</string>
			<key>path</key>
			<string>OrdinalNumberFormatter.m</string>
			<key>sourceTree</key>
			<string>&lt;group&gt;</string>
		</dict>
		<key>8BE9DE801616355800906B98</key>
		<dict>
			<key>fileRef</key>
			<string>8BE9DE7F1616355800906B98</string>
			<key>isa</key>
			<string>PBXBuildFile</string>
		</dict>
		<key>8BECD3B9150E914800616735</key>
		<dict>
			<key>isa</key>
			<string>PBXFileReference</string>
			<key>lastKnownFileType</key>
			<string>sourcecode.c.h</string>
			<key>path</key>
			<string>Options.h</string>
			<key>sourceTree</key>
			<string>&lt;group&gt;</string>
		</dict>
		<key>8BECD3BB150E920500616735</key>
		<dict>
			<key>fileEncoding</key>
			<string>4</string>
			<key>isa</key>
			<string>PBXFileReference</string>
			<key>lastKnownFileType</key>
			<string>sourcecode.c.objc</string>
			<key>path</key>
			<string>Options.m</string>
			<key>sourceTree</key>
			<string>&lt;group&gt;</string>
		</dict>
		<key>8BECD3BC150E920500616735</key>
		<dict>
			<key>fileRef</key>
			<string>8BECD3BB150E920500616735</string>
			<key>isa</key>
			<string>PBXBuildFile</string>
		</dict>
		<key>8BECD3BD150E934900616735</key>
		<dict>
			<key>fileEncoding</key>
			<string>4</string>
			<key>isa</key>
			<string>PBXFileReference</string>
			<key>lastKnownFileType</key>
			<string>sourcecode.c.h</string>
			<key>path</key>
			<string>OptionList.h</string>
			<key>sourceTree</key>
			<string>&lt;group&gt;</string>
		</dict>
		<key>8BECD3BE150E934900616735</key>
		<dict>
			<key>fileEncoding</key>
			<string>4</string>
			<key>isa</key>
			<string>PBXFileReference</string>
			<key>lastKnownFileType</key>
			<string>sourcecode.c.objc</string>
			<key>path</key>
			<string>OptionList.m</string>
			<key>sourceTree</key>
			<string>&lt;group&gt;</string>
		</dict>
		<key>8BECD3BF150E934900616735</key>
		<dict>
			<key>fileRef</key>
			<string>8BECD3BE150E934900616735</string>
			<key>isa</key>
			<string>PBXBuildFile</string>
		</dict>
		<key>8BF09E73153A53E200E1BCB3</key>
		<dict>
			<key>isa</key>
			<string>PBXFileReference</string>
			<key>lastKnownFileType</key>
			<string>wrapper.framework</string>
			<key>name</key>
			<string>Security.framework</string>
			<key>path</key>
			<string>System/Library/Frameworks/Security.framework</string>
			<key>sourceTree</key>
			<string>SDKROOT</string>
		</dict>
		<key>8BF09E74153A53E200E1BCB3</key>
		<dict>
			<key>fileRef</key>
			<string>8BF09E73153A53E200E1BCB3</string>
			<key>isa</key>
			<string>PBXBuildFile</string>
		</dict>
		<key>8BF10A9A152FB93D00DC5F05</key>
		<dict>
			<key>fileEncoding</key>
			<string>4</string>
			<key>isa</key>
			<string>PBXFileReference</string>
			<key>lastKnownFileType</key>
			<string>sourcecode.c.h</string>
			<key>path</key>
			<string>TextField.h</string>
			<key>sourceTree</key>
			<string>&lt;group&gt;</string>
		</dict>
		<key>8BF10A9B152FB93D00DC5F05</key>
		<dict>
			<key>fileEncoding</key>
			<string>4</string>
			<key>isa</key>
			<string>PBXFileReference</string>
			<key>lastKnownFileType</key>
			<string>sourcecode.c.objc</string>
			<key>path</key>
			<string>TextField.m</string>
			<key>sourceTree</key>
			<string>&lt;group&gt;</string>
		</dict>
		<key>8BF10A9C152FB93D00DC5F05</key>
		<dict>
			<key>fileRef</key>
			<string>8BF10A9B152FB93D00DC5F05</string>
			<key>isa</key>
			<string>PBXBuildFile</string>
		</dict>
		<key>8BF3876F15239E1200C3F368</key>
		<dict>
			<key>isa</key>
			<string>PBXFileReference</string>
			<key>lastKnownFileType</key>
			<string>wrapper.framework</string>
			<key>name</key>
			<string>MessageUI.framework</string>
			<key>path</key>
			<string>System/Library/Frameworks/MessageUI.framework</string>
			<key>sourceTree</key>
			<string>SDKROOT</string>
		</dict>
		<key>8BF3877015239E1200C3F368</key>
		<dict>
			<key>fileRef</key>
			<string>8BF3876F15239E1200C3F368</string>
			<key>isa</key>
			<string>PBXBuildFile</string>
		</dict>
		<key>A0995222D9DDBB7A6B3F0375</key>
		<dict>
			<key>buildActionMask</key>
			<string>2147483647</string>
			<key>files</key>
			<array/>
			<key>inputPaths</key>
			<array/>
			<key>isa</key>
			<string>PBXShellScriptBuildPhase</string>
			<key>name</key>
			<string>Copy Pods Resources</string>
			<key>outputPaths</key>
			<array/>
			<key>runOnlyForDeploymentPostprocessing</key>
			<string>0</string>
			<key>shellPath</key>
			<string>/bin/sh</string>
			<key>shellScript</key>
			<string>"${SRCROOT}/Pods/Target Support Files/Pods-Inspection Form App/Pods-Inspection Form App-resources.sh"
</string>
			<key>showEnvVarsInLog</key>
			<string>0</string>
		</dict>
		<key>BC9FDC5E9812E79FC3CEC513</key>
		<dict>
			<key>children</key>
			<array>
				<string>E1A4C2449B6DA9D1ED2E1AE3</string>
				<string>3D84AFA8E9F5B30D7C62C404</string>
			</array>
			<key>isa</key>
			<string>PBXGroup</string>
			<key>name</key>
			<string>Pods</string>
			<key>sourceTree</key>
			<string>&lt;group&gt;</string>
		</dict>
		<key>CE147B631835C263005CC483</key>
		<dict>
			<key>isa</key>
			<string>PBXFileReference</string>
			<key>lastKnownFileType</key>
			<string>sourcecode.c.h</string>
			<key>path</key>
			<string>PartSelectionDelegate.h</string>
			<key>sourceTree</key>
			<string>&lt;group&gt;</string>
		</dict>
		<key>CE147B641835C2EA005CC483</key>
		<dict>
			<key>fileEncoding</key>
			<string>4</string>
			<key>isa</key>
			<string>PBXFileReference</string>
			<key>lastKnownFileType</key>
			<string>sourcecode.c.h</string>
			<key>path</key>
			<string>Part.h</string>
			<key>sourceTree</key>
			<string>&lt;group&gt;</string>
		</dict>
		<key>CE147B651835C2EA005CC483</key>
		<dict>
			<key>fileEncoding</key>
			<string>4</string>
			<key>isa</key>
			<string>PBXFileReference</string>
			<key>lastKnownFileType</key>
			<string>sourcecode.c.objc</string>
			<key>path</key>
			<string>Part.m</string>
			<key>sourceTree</key>
			<string>&lt;group&gt;</string>
		</dict>
		<key>CE147B661835C2EA005CC483</key>
		<dict>
			<key>fileRef</key>
			<string>CE147B651835C2EA005CC483</string>
			<key>isa</key>
			<string>PBXBuildFile</string>
		</dict>
		<key>CE147B671836844C005CC483</key>
		<dict>
			<key>fileEncoding</key>
			<string>4</string>
			<key>isa</key>
			<string>PBXFileReference</string>
			<key>lastKnownFileType</key>
			<string>sourcecode.c.h</string>
			<key>path</key>
			<string>InspectionManager.h</string>
			<key>sourceTree</key>
			<string>&lt;group&gt;</string>
		</dict>
		<key>CE147B681836844C005CC483</key>
		<dict>
			<key>fileEncoding</key>
			<string>4</string>
			<key>isa</key>
			<string>PBXFileReference</string>
			<key>lastKnownFileType</key>
			<string>sourcecode.c.objc</string>
			<key>path</key>
			<string>InspectionManager.m</string>
			<key>sourceTree</key>
			<string>&lt;group&gt;</string>
		</dict>
		<key>CE147B691836844C005CC483</key>
		<dict>
			<key>fileRef</key>
			<string>CE147B681836844C005CC483</string>
			<key>isa</key>
			<string>PBXBuildFile</string>
		</dict>
		<key>CE27C2151821BB0000EDDFC1</key>
		<dict>
			<key>isa</key>
			<string>PBXFileReference</string>
			<key>lastKnownFileType</key>
			<string>wrapper.framework</string>
			<key>name</key>
			<string>CoreData.framework</string>
			<key>path</key>
			<string>System/Library/Frameworks/CoreData.framework</string>
			<key>sourceTree</key>
			<string>SDKROOT</string>
		</dict>
		<key>CE27C2161821BB0000EDDFC1</key>
		<dict>
			<key>fileRef</key>
			<string>CE27C2151821BB0000EDDFC1</string>
			<key>isa</key>
			<string>PBXBuildFile</string>
		</dict>
		<key>CE27C21F18234FC100EDDFC1</key>
		<dict>
			<key>isa</key>
			<string>PBXFileReference</string>
			<key>lastKnownFileType</key>
			<string>wrapper.framework</string>
			<key>name</key>
			<string>XCTest.framework</string>
			<key>path</key>
			<string>Library/Frameworks/XCTest.framework</string>
			<key>sourceTree</key>
			<string>DEVELOPER_DIR</string>
		</dict>
		<key>CE27C22A1823537B00EDDFC1</key>
		<dict>
			<key>fileRef</key>
			<string>CE40D38D18087F290080E9BD</string>
			<key>isa</key>
			<string>PBXBuildFile</string>
		</dict>
		<key>CE27C22B1823605500EDDFC1</key>
		<dict>
			<key>fileRef</key>
			<string>CE40D38D18087F290080E9BD</string>
			<key>isa</key>
			<string>PBXBuildFile</string>
		</dict>
		<key>CE38513D18107296003629DA</key>
		<dict>
			<key>children</key>
			<array>
				<string>CE486AE3180F1E2F00B1B953</string>
			</array>
			<key>isa</key>
			<string>PBXGroup</string>
			<key>name</key>
			<string>View Controllers</string>
			<key>sourceTree</key>
			<string>&lt;group&gt;</string>
		</dict>
		<key>CE3992741805FD08003AE30B</key>
		<dict>
			<key>fileEncoding</key>
			<string>4</string>
			<key>isa</key>
			<string>PBXFileReference</string>
			<key>lastKnownFileType</key>
			<string>file.storyboard</string>
			<key>path</key>
			<string>iPadMainStoryboard.storyboard</string>
			<key>sourceTree</key>
			<string>&lt;group&gt;</string>
		</dict>
		<key>CE3992751805FD08003AE30B</key>
		<dict>
			<key>fileRef</key>
			<string>CE3992741805FD08003AE30B</string>
			<key>isa</key>
			<string>PBXBuildFile</string>
		</dict>
		<key>CE40D38918087BC20080E9BD</key>
		<dict>
			<key>fileEncoding</key>
			<string>4</string>
			<key>isa</key>
			<string>PBXFileReference</string>
			<key>lastKnownFileType</key>
			<string>sourcecode.c.h</string>
			<key>path</key>
			<string>DataLayer.h</string>
			<key>sourceTree</key>
			<string>&lt;group&gt;</string>
		</dict>
		<key>CE40D38A18087BC20080E9BD</key>
		<dict>
			<key>fileEncoding</key>
			<string>4</string>
			<key>isa</key>
			<string>PBXFileReference</string>
			<key>lastKnownFileType</key>
			<string>sourcecode.c.objc</string>
			<key>path</key>
			<string>DataLayer.m</string>
			<key>sourceTree</key>
			<string>&lt;group&gt;</string>
		</dict>
		<key>CE40D38B18087BC20080E9BD</key>
		<dict>
			<key>fileRef</key>
			<string>CE40D38A18087BC20080E9BD</string>
			<key>isa</key>
			<string>PBXBuildFile</string>
		</dict>
		<key>CE40D38C18087BCA0080E9BD</key>
		<dict>
			<key>children</key>
			<array>
				<string>CE40D38918087BC20080E9BD</string>
				<string>CE40D38A18087BC20080E9BD</string>
			</array>
			<key>isa</key>
			<string>PBXGroup</string>
			<key>name</key>
			<string>Data Layer</string>
			<key>sourceTree</key>
			<string>&lt;group&gt;</string>
		</dict>
		<key>CE40D38D18087F290080E9BD</key>
		<dict>
			<key>isa</key>
			<string>PBXFileReference</string>
			<key>lastKnownFileType</key>
			<string>wrapper.framework</string>
			<key>path</key>
			<string>Dropbox.framework</string>
			<key>sourceTree</key>
			<string>&lt;group&gt;</string>
		</dict>
		<key>CE40D38F18087F670080E9BD</key>
		<dict>
			<key>isa</key>
			<string>PBXFileReference</string>
			<key>lastKnownFileType</key>
			<string>wrapper.framework</string>
			<key>name</key>
			<string>CFNetwork.framework</string>
			<key>path</key>
			<string>System/Library/Frameworks/CFNetwork.framework</string>
			<key>sourceTree</key>
			<string>SDKROOT</string>
		</dict>
		<key>CE40D39018087F670080E9BD</key>
		<dict>
			<key>fileRef</key>
			<string>CE40D38F18087F670080E9BD</string>
			<key>isa</key>
			<string>PBXBuildFile</string>
		</dict>
		<key>CE40D39118087F810080E9BD</key>
		<dict>
			<key>isa</key>
			<string>PBXFileReference</string>
			<key>lastKnownFileType</key>
			<string>wrapper.framework</string>
			<key>name</key>
			<string>SystemConfiguration.framework</string>
			<key>path</key>
			<string>System/Library/Frameworks/SystemConfiguration.framework</string>
			<key>sourceTree</key>
			<string>SDKROOT</string>
		</dict>
		<key>CE40D39218087F810080E9BD</key>
		<dict>
			<key>fileRef</key>
			<string>CE40D39118087F810080E9BD</string>
			<key>isa</key>
			<string>PBXBuildFile</string>
		</dict>
		<key>CE40D39318087F970080E9BD</key>
		<dict>
			<key>isa</key>
			<string>PBXFileReference</string>
			<key>lastKnownFileType</key>
			<string>compiled.mach-o.dylib</string>
			<key>name</key>
			<string>libc++.dylib</string>
			<key>path</key>
			<string>usr/lib/libc++.dylib</string>
			<key>sourceTree</key>
			<string>SDKROOT</string>
		</dict>
		<key>CE40D39418087F970080E9BD</key>
		<dict>
			<key>fileRef</key>
			<string>CE40D39318087F970080E9BD</string>
			<key>isa</key>
			<string>PBXBuildFile</string>
		</dict>
		<key>CE40D398180894300080E9BD</key>
		<dict>
			<key>fileEncoding</key>
			<string>4</string>
			<key>isa</key>
			<string>PBXFileReference</string>
			<key>lastKnownFileType</key>
			<string>sourcecode.c.h</string>
			<key>path</key>
			<string>PDFGenerator.h</string>
			<key>sourceTree</key>
			<string>&lt;group&gt;</string>
		</dict>
		<key>CE40D399180894300080E9BD</key>
		<dict>
			<key>fileEncoding</key>
			<string>4</string>
			<key>isa</key>
			<string>PBXFileReference</string>
			<key>lastKnownFileType</key>
			<string>sourcecode.c.objc</string>
			<key>path</key>
			<string>PDFGenerator.m</string>
			<key>sourceTree</key>
			<string>&lt;group&gt;</string>
		</dict>
		<key>CE40D39A180894300080E9BD</key>
		<dict>
			<key>fileRef</key>
			<string>CE40D399180894300080E9BD</string>
			<key>isa</key>
			<string>PBXBuildFile</string>
		</dict>
		<key>CE40D39B180894380080E9BD</key>
		<dict>
			<key>children</key>
			<array>
				<string>CE40D398180894300080E9BD</string>
				<string>CE40D399180894300080E9BD</string>
			</array>
			<key>isa</key>
			<string>PBXGroup</string>
			<key>name</key>
			<string>PDF Generator</string>
			<key>sourceTree</key>
			<string>&lt;group&gt;</string>
		</dict>
		<key>CE486AC9180C83E900B1B953</key>
		<dict>
			<key>fileEncoding</key>
			<string>4</string>
			<key>isa</key>
			<string>PBXFileReference</string>
			<key>lastKnownFileType</key>
			<string>sourcecode.c.h</string>
			<key>path</key>
			<string>Inspection.h</string>
			<key>sourceTree</key>
			<string>&lt;group&gt;</string>
		</dict>
		<key>CE486ACA180C83E900B1B953</key>
		<dict>
			<key>fileEncoding</key>
			<string>4</string>
			<key>isa</key>
			<string>PBXFileReference</string>
			<key>lastKnownFileType</key>
			<string>sourcecode.c.objc</string>
			<key>path</key>
			<string>Inspection.m</string>
			<key>sourceTree</key>
			<string>&lt;group&gt;</string>
		</dict>
		<key>CE486ACB180C83E900B1B953</key>
		<dict>
			<key>fileRef</key>
			<string>CE486ACA180C83E900B1B953</string>
			<key>isa</key>
			<string>PBXBuildFile</string>
		</dict>
		<key>CE486ACC180CB12B00B1B953</key>
		<dict>
			<key>children</key>
			<array>
				<string>8BE881FA1513FA4200360C63</string>
				<string>8BE881FB1513FA4200360C63</string>
			</array>
			<key>isa</key>
			<string>PBXGroup</string>
			<key>name</key>
			<string>Condition</string>
			<key>sourceTree</key>
			<string>&lt;group&gt;</string>
		</dict>
		<key>CE486ACD180CB13100B1B953</key>
		<dict>
			<key>children</key>
			<array>
				<string>CE486AC9180C83E900B1B953</string>
				<string>CE486ACA180C83E900B1B953</string>
			</array>
			<key>isa</key>
			<string>PBXGroup</string>
			<key>name</key>
			<string>Inspection</string>
			<key>sourceTree</key>
			<string>&lt;group&gt;</string>
		</dict>
		<key>CE486ACE180CB13700B1B953</key>
		<dict>
			<key>children</key>
			<array>
				<string>8BE881F61513F82400360C63</string>
				<string>8BE881F71513F82400360C63</string>
			</array>
			<key>isa</key>
			<string>PBXGroup</string>
			<key>name</key>
			<string>ItemListConditionStorage</string>
			<key>sourceTree</key>
			<string>&lt;group&gt;</string>
		</dict>
		<key>CE486ACF180CB14100B1B953</key>
		<dict>
			<key>children</key>
			<array>
				<string>8B0787C515113796006857A8</string>
				<string>8B0787C615113796006857A8</string>
				<string>CE147B641835C2EA005CC483</string>
				<string>CE147B651835C2EA005CC483</string>
			</array>
			<key>isa</key>
			<string>PBXGroup</string>
			<key>name</key>
			<string>Parts</string>
			<key>sourceTree</key>
			<string>&lt;group&gt;</string>
		</dict>
		<key>CE486AD0180CB14A00B1B953</key>
		<dict>
			<key>children</key>
			<array>
				<string>8B544610150F0C3E007E1CA9</string>
				<string>8B544611150F0C3E007E1CA9</string>
			</array>
			<key>isa</key>
			<string>PBXGroup</string>
			<key>name</key>
			<string>Gradient View</string>
			<key>sourceTree</key>
			<string>&lt;group&gt;</string>
		</dict>
		<key>CE486AD1180CB15200B1B953</key>
		<dict>
			<key>children</key>
			<array/>
			<key>isa</key>
			<string>PBXGroup</string>
			<key>name</key>
			<string>Customer</string>
			<key>sourceTree</key>
			<string>&lt;group&gt;</string>
		</dict>
		<key>CE486AD2180CB15800B1B953</key>
		<dict>
			<key>children</key>
			<array>
				<string>8BECD3B9150E914800616735</string>
				<string>8BECD3BB150E920500616735</string>
			</array>
			<key>isa</key>
			<string>PBXGroup</string>
			<key>name</key>
			<string>Options</string>
			<key>sourceTree</key>
			<string>&lt;group&gt;</string>
		</dict>
		<key>CE486AD3180CB15E00B1B953</key>
		<dict>
			<key>children</key>
			<array>
				<string>8BECD3BD150E934900616735</string>
				<string>8BECD3BE150E934900616735</string>
			</array>
			<key>isa</key>
			<string>PBXGroup</string>
			<key>name</key>
			<string>OptionList</string>
			<key>sourceTree</key>
			<string>&lt;group&gt;</string>
		</dict>
		<key>CE486AD4180CB16900B1B953</key>
		<dict>
			<key>children</key>
			<array>
				<string>8BE9DE7E1616355800906B98</string>
				<string>8BE9DE7F1616355800906B98</string>
			</array>
			<key>isa</key>
			<string>PBXGroup</string>
			<key>name</key>
			<string>OrdinalNumberFormatter</string>
			<key>sourceTree</key>
			<string>&lt;group&gt;</string>
		</dict>
		<key>CE486AD5180CB17C00B1B953</key>
		<dict>
			<key>children</key>
			<array>
				<string>8BC58465150ABD87000AC695</string>
				<string>8BC58464150ABD87000AC695</string>
			</array>
			<key>isa</key>
			<string>PBXGroup</string>
			<key>name</key>
			<string>View Controller</string>
			<key>sourceTree</key>
			<string>&lt;group&gt;</string>
		</dict>
		<key>CE486AD6180CB1A200B1B953</key>
		<dict>
			<key>children</key>
			<array>
				<string>8BC58461150ABD87000AC695</string>
				<string>8BC58462150ABD87000AC695</string>
			</array>
			<key>isa</key>
			<string>PBXGroup</string>
			<key>name</key>
			<string>Delegates</string>
			<key>sourceTree</key>
			<string>&lt;group&gt;</string>
		</dict>
		<key>CE486AD7180CB1AD00B1B953</key>
		<dict>
			<key>children</key>
			<array/>
			<key>isa</key>
			<string>PBXGroup</string>
			<key>name</key>
			<string>Crane</string>
			<key>sourceTree</key>
			<string>&lt;group&gt;</string>
		</dict>
		<key>CE486AD8180CB1B300B1B953</key>
		<dict>
			<key>children</key>
			<array>
				<string>8BF10A9A152FB93D00DC5F05</string>
				<string>8BF10A9B152FB93D00DC5F05</string>
			</array>
			<key>isa</key>
			<string>PBXGroup</string>
			<key>name</key>
			<string>Text Field</string>
			<key>sourceTree</key>
			<string>&lt;group&gt;</string>
		</dict>
		<key>CE486AD9180CB1C200B1B953</key>
		<dict>
			<key>children</key>
			<array>
				<string>8B0787C315113448006857A8</string>
				<string>8B0787C215113448006857A8</string>
			</array>
			<key>isa</key>
			<string>PBXGroup</string>
			<key>name</key>
			<string>Table View Controller</string>
			<key>sourceTree</key>
			<string>&lt;group&gt;</string>
		</dict>
		<key>CE486ADA180CB1DE00B1B953</key>
		<dict>
			<key>children</key>
			<array>
				<string>CE8028AC1837337C00B40DCB</string>
				<string>CEFD6D2C1839575E001764E9</string>
				<string>CE3992741805FD08003AE30B</string>
				<string>CEFD6D71183A87D8001764E9</string>
			</array>
			<key>isa</key>
			<string>PBXGroup</string>
			<key>name</key>
			<string>UI Files</string>
			<key>sourceTree</key>
			<string>&lt;group&gt;</string>
		</dict>
		<key>CE486ADC180F179A00B1B953</key>
		<dict>
			<key>children</key>
			<array>
				<string>CE486AE0180F17DC00B1B953</string>
				<string>CE486AE1180F17DC00B1B953</string>
			</array>
			<key>isa</key>
			<string>PBXGroup</string>
			<key>name</key>
			<string>Master View Controller</string>
			<key>sourceTree</key>
			<string>&lt;group&gt;</string>
		</dict>
		<key>CE486AE0180F17DC00B1B953</key>
		<dict>
			<key>fileEncoding</key>
			<string>4</string>
			<key>isa</key>
			<string>PBXFileReference</string>
			<key>lastKnownFileType</key>
			<string>sourcecode.c.h</string>
			<key>path</key>
			<string>MasterViewController.h</string>
			<key>sourceTree</key>
			<string>&lt;group&gt;</string>
		</dict>
		<key>CE486AE1180F17DC00B1B953</key>
		<dict>
			<key>fileEncoding</key>
			<string>4</string>
			<key>isa</key>
			<string>PBXFileReference</string>
			<key>lastKnownFileType</key>
			<string>sourcecode.c.objc</string>
			<key>path</key>
			<string>MasterViewController.m</string>
			<key>sourceTree</key>
			<string>&lt;group&gt;</string>
		</dict>
		<key>CE486AE2180F17DC00B1B953</key>
		<dict>
			<key>fileRef</key>
			<string>CE486AE1180F17DC00B1B953</string>
			<key>isa</key>
			<string>PBXBuildFile</string>
		</dict>
		<key>CE486AE3180F1E2F00B1B953</key>
		<dict>
			<key>children</key>
			<array>
				<string>CE486AE4180F1E4200B1B953</string>
				<string>CE486AE5180F1E4200B1B953</string>
			</array>
			<key>isa</key>
			<string>PBXGroup</string>
			<key>name</key>
			<string>Inspection View Controller</string>
			<key>sourceTree</key>
			<string>&lt;group&gt;</string>
		</dict>
		<key>CE486AE4180F1E4200B1B953</key>
		<dict>
			<key>fileEncoding</key>
			<string>4</string>
			<key>isa</key>
			<string>PBXFileReference</string>
			<key>lastKnownFileType</key>
			<string>sourcecode.c.h</string>
			<key>path</key>
			<string>InspectionViewController.h</string>
			<key>sourceTree</key>
			<string>&lt;group&gt;</string>
		</dict>
		<key>CE486AE5180F1E4200B1B953</key>
		<dict>
			<key>fileEncoding</key>
			<string>4</string>
			<key>isa</key>
			<string>PBXFileReference</string>
			<key>lastKnownFileType</key>
			<string>sourcecode.c.objc</string>
			<key>path</key>
			<string>InspectionViewController.m</string>
			<key>sourceTree</key>
			<string>&lt;group&gt;</string>
		</dict>
		<key>CE486AE6180F1E4200B1B953</key>
		<dict>
			<key>fileRef</key>
			<string>CE486AE5180F1E4200B1B953</string>
			<key>isa</key>
			<string>PBXBuildFile</string>
		</dict>
		<key>CE6F9359182416EA008E1DDC</key>
		<dict>
			<key>fileRef</key>
			<string>CE27C21F18234FC100EDDFC1</string>
			<key>isa</key>
			<string>PBXBuildFile</string>
		</dict>
		<key>CE6F935A18241825008E1DDC</key>
		<dict>
			<key>fileEncoding</key>
			<string>4</string>
			<key>isa</key>
			<string>PBXFileReference</string>
			<key>lastKnownFileType</key>
			<string>sourcecode.c.h</string>
			<key>path</key>
			<string>Inspection_Form_AppTests.h</string>
			<key>sourceTree</key>
			<string>&lt;group&gt;</string>
		</dict>
		<key>CE798DB4180F35E400C2E5A0</key>
		<dict>
			<key>children</key>
			<array>
				<string>CE798DB5180F369600C2E5A0</string>
				<string>CE798DB6180F369600C2E5A0</string>
			</array>
			<key>isa</key>
			<string>PBXGroup</string>
			<key>name</key>
			<string>Business Layer</string>
			<key>sourceTree</key>
			<string>&lt;group&gt;</string>
		</dict>
		<key>CE798DB5180F369600C2E5A0</key>
		<dict>
			<key>fileEncoding</key>
			<string>4</string>
			<key>isa</key>
			<string>PBXFileReference</string>
			<key>lastKnownFileType</key>
			<string>sourcecode.c.h</string>
			<key>path</key>
			<string>InspectionBussiness.h</string>
			<key>sourceTree</key>
			<string>&lt;group&gt;</string>
		</dict>
		<key>CE798DB6180F369600C2E5A0</key>
		<dict>
			<key>fileEncoding</key>
			<string>4</string>
			<key>isa</key>
			<string>PBXFileReference</string>
			<key>lastKnownFileType</key>
			<string>sourcecode.c.objc</string>
			<key>path</key>
			<string>InspectionBussiness.m</string>
			<key>sourceTree</key>
			<string>&lt;group&gt;</string>
		</dict>
		<key>CE798DB7180F369600C2E5A0</key>
		<dict>
			<key>fileRef</key>
			<string>CE798DB6180F369600C2E5A0</string>
			<key>isa</key>
			<string>PBXBuildFile</string>
		</dict>
		<key>CE8028AC1837337C00B40DCB</key>
		<dict>
			<key>fileEncoding</key>
			<string>4</string>
			<key>isa</key>
			<string>PBXFileReference</string>
			<key>lastKnownFileType</key>
			<string>file.storyboard</string>
			<key>name</key>
			<string>iPhoneStoryboard.storyboard</string>
			<key>path</key>
			<string>../iPhoneStoryboard.storyboard</string>
			<key>sourceTree</key>
			<string>&lt;group&gt;</string>
		</dict>
		<key>CE8028AD1837337C00B40DCB</key>
		<dict>
			<key>fileRef</key>
			<string>CE8028AC1837337C00B40DCB</string>
			<key>isa</key>
			<string>PBXBuildFile</string>
		</dict>
		<key>CE9775D81718C2660037967E</key>
		<dict>
			<key>isa</key>
			<string>PBXFileReference</string>
			<key>lastKnownFileType</key>
			<string>image.jpeg</string>
			<key>path</key>
			<string>logo.jpg</string>
			<key>sourceTree</key>
			<string>&lt;group&gt;</string>
		</dict>
		<key>CE9775D91718C2660037967E</key>
		<dict>
			<key>fileRef</key>
			<string>CE9775D81718C2660037967E</string>
			<key>isa</key>
			<string>PBXBuildFile</string>
		</dict>
		<key>CE9A27371716A63200FE3D32</key>
		<dict>
			<key>isa</key>
			<string>PBXFileReference</string>
			<key>lastKnownFileType</key>
			<string>image.jpeg</string>
			<key>path</key>
			<string>ipadAppLogo.jpg</string>
			<key>sourceTree</key>
			<string>&lt;group&gt;</string>
		</dict>
		<key>CE9A27381716A63200FE3D32</key>
		<dict>
			<key>fileRef</key>
			<string>CE9A27371716A63200FE3D32</string>
			<key>isa</key>
			<string>PBXBuildFile</string>
		</dict>
		<key>CE9A273B1716A70E00FE3D32</key>
		<dict>
			<key>isa</key>
			<string>PBXFileReference</string>
			<key>lastKnownFileType</key>
			<string>image.jpeg</string>
			<key>path</key>
			<string>titlePageLogo.jpg</string>
			<key>sourceTree</key>
			<string>&lt;group&gt;</string>
		</dict>
		<key>CE9A273C1716A70E00FE3D32</key>
		<dict>
			<key>fileRef</key>
			<string>CE9A273B1716A70E00FE3D32</string>
			<key>isa</key>
			<string>PBXBuildFile</string>
		</dict>
		<key>CEFD6D2C1839575E001764E9</key>
		<dict>
			<key>fileEncoding</key>
			<string>4</string>
			<key>isa</key>
			<string>PBXFileReference</string>
			<key>lastKnownFileType</key>
			<string>file.xib</string>
			<key>path</key>
			<string>CraneView.xib</string>
			<key>sourceTree</key>
			<string>&lt;group&gt;</string>
		</dict>
		<key>CEFD6D2D1839575E001764E9</key>
		<dict>
			<key>fileRef</key>
			<string>CEFD6D2C1839575E001764E9</string>
			<key>isa</key>
			<string>PBXBuildFile</string>
		</dict>
		<key>CEFD6D6F183A8705001764E9</key>
		<dict>
			<key>isa</key>
			<string>PBXFileReference</string>
			<key>lastKnownFileType</key>
			<string>image.png</string>
			<key>path</key>
			<string>Default-568h@2x.png</string>
			<key>sourceTree</key>
			<string>&lt;group&gt;</string>
		</dict>
		<key>CEFD6D70183A8705001764E9</key>
		<dict>
			<key>fileRef</key>
			<string>CEFD6D6F183A8705001764E9</string>
			<key>isa</key>
			<string>PBXBuildFile</string>
		</dict>
		<key>CEFD6D71183A87D8001764E9</key>
		<dict>
			<key>fileEncoding</key>
			<string>4</string>
			<key>isa</key>
			<string>PBXFileReference</string>
			<key>lastKnownFileType</key>
			<string>file.xib</string>
			<key>path</key>
			<string>JobInfoView.xib</string>
			<key>sourceTree</key>
			<string>&lt;group&gt;</string>
		</dict>
		<key>CEFD6D72183A87D8001764E9</key>
		<dict>
			<key>fileRef</key>
			<string>CEFD6D71183A87D8001764E9</string>
			<key>isa</key>
			<string>PBXBuildFile</string>
		</dict>
		<key>E1A4C2449B6DA9D1ED2E1AE3</key>
		<dict>
			<key>includeInIndex</key>
			<string>1</string>
			<key>isa</key>
			<string>PBXFileReference</string>
			<key>lastKnownFileType</key>
			<string>text.xcconfig</string>
			<key>name</key>
			<string>Pods-Inspection Form App.debug.xcconfig</string>
			<key>path</key>
			<string>Pods/Target Support Files/Pods-Inspection Form App/Pods-Inspection Form App.debug.xcconfig</string>
			<key>sourceTree</key>
			<string>&lt;group&gt;</string>
		</dict>
		<key>F453A3AD1AD3354700319D7A</key>
		<dict>
			<key>fileEncoding</key>
			<string>4</string>
			<key>isa</key>
			<string>PBXFileReference</string>
			<key>lastKnownFileType</key>
			<string>sourcecode.c.h</string>
			<key>path</key>
			<string>InspectedCrane.h</string>
			<key>sourceTree</key>
			<string>&lt;group&gt;</string>
		</dict>
		<key>F453A3AE1AD3354700319D7A</key>
		<dict>
			<key>fileEncoding</key>
			<string>4</string>
			<key>isa</key>
			<string>PBXFileReference</string>
			<key>lastKnownFileType</key>
			<string>sourcecode.c.objc</string>
			<key>path</key>
			<string>InspectedCrane.m</string>
			<key>sourceTree</key>
			<string>&lt;group&gt;</string>
		</dict>
		<key>F453A3AF1AD3354700319D7A</key>
		<dict>
			<key>fileRef</key>
			<string>F453A3AE1AD3354700319D7A</string>
			<key>isa</key>
			<string>PBXBuildFile</string>
		</dict>
		<key>F453A3B01AD43E3B00319D7A</key>
		<dict>
			<key>children</key>
			<array>
				<string>F453A3B11AD43E3B00319D7A</string>
			</array>
			<key>currentVersion</key>
			<string>F453A3B11AD43E3B00319D7A</string>
			<key>isa</key>
			<string>XCVersionGroup</string>
			<key>path</key>
			<string>InspectionModel.xcdatamodeld</string>
			<key>sourceTree</key>
			<string>&lt;group&gt;</string>
			<key>versionGroupType</key>
			<string>wrapper.xcdatamodel</string>
		</dict>
		<key>F453A3B11AD43E3B00319D7A</key>
		<dict>
			<key>isa</key>
			<string>PBXFileReference</string>
			<key>lastKnownFileType</key>
			<string>wrapper.xcdatamodel</string>
			<key>path</key>
			<string>InspectionModel.xcdatamodel</string>
			<key>sourceTree</key>
			<string>&lt;group&gt;</string>
		</dict>
		<key>F453A3B21AD43E3B00319D7A</key>
		<dict>
			<key>fileRef</key>
			<string>F453A3B01AD43E3B00319D7A</string>
			<key>isa</key>
			<string>PBXBuildFile</string>
		</dict>
		<key>F453A3B31AD43FB200319D7A</key>
		<dict>
			<key>fileEncoding</key>
			<string>4</string>
			<key>isa</key>
			<string>PBXFileReference</string>
			<key>lastKnownFileType</key>
			<string>sourcecode.c.h</string>
			<key>path</key>
			<string>Customer.h</string>
			<key>sourceTree</key>
			<string>&lt;group&gt;</string>
		</dict>
		<key>F453A3B41AD43FB200319D7A</key>
		<dict>
			<key>fileEncoding</key>
			<string>4</string>
			<key>isa</key>
			<string>PBXFileReference</string>
			<key>lastKnownFileType</key>
			<string>sourcecode.c.objc</string>
			<key>path</key>
			<string>Customer.m</string>
			<key>sourceTree</key>
			<string>&lt;group&gt;</string>
		</dict>
		<key>F453A3B51AD43FB200319D7A</key>
		<dict>
			<key>fileRef</key>
			<string>F453A3B41AD43FB200319D7A</string>
			<key>isa</key>
			<string>PBXBuildFile</string>
		</dict>
		<key>F49DDEA01ACCC5CE00A02162</key>
		<dict>
			<key>children</key>
			<array>
				<string>F49DDEAE1ACCDA4600A02162</string>
				<string>F49DDEA11ACCC5D200A02162</string>
			</array>
			<key>isa</key>
			<string>PBXGroup</string>
			<key>name</key>
			<string>Managers</string>
			<key>sourceTree</key>
			<string>&lt;group&gt;</string>
		</dict>
		<key>F49DDEA11ACCC5D200A02162</key>
		<dict>
			<key>children</key>
			<array>
				<string>F49DDEA51ACCC60C00A02162</string>
				<string>F49DDEA61ACCC60C00A02162</string>
			</array>
			<key>isa</key>
			<string>PBXGroup</string>
			<key>name</key>
			<string>Sync Manager</string>
			<key>sourceTree</key>
			<string>&lt;group&gt;</string>
		</dict>
		<key>F49DDEA51ACCC60C00A02162</key>
		<dict>
			<key>fileEncoding</key>
			<string>4</string>
			<key>isa</key>
			<string>PBXFileReference</string>
			<key>lastKnownFileType</key>
			<string>sourcecode.c.h</string>
			<key>path</key>
			<string>SyncManager.h</string>
			<key>sourceTree</key>
			<string>&lt;group&gt;</string>
		</dict>
		<key>F49DDEA61ACCC60C00A02162</key>
		<dict>
			<key>fileEncoding</key>
			<string>4</string>
			<key>isa</key>
			<string>PBXFileReference</string>
			<key>lastKnownFileType</key>
			<string>sourcecode.c.objc</string>
			<key>path</key>
			<string>SyncManager.m</string>
			<key>sourceTree</key>
			<string>&lt;group&gt;</string>
		</dict>
		<key>F49DDEA71ACCC60C00A02162</key>
		<dict>
			<key>fileRef</key>
			<string>F49DDEA61ACCC60C00A02162</string>
			<key>isa</key>
			<string>PBXBuildFile</string>
		</dict>
		<key>F49DDEAB1ACCCB2700A02162</key>
		<dict>
			<key>fileEncoding</key>
			<string>4</string>
			<key>isa</key>
			<string>PBXFileReference</string>
			<key>lastKnownFileType</key>
			<string>sourcecode.c.h</string>
			<key>path</key>
			<string>IAConstants.h</string>
			<key>sourceTree</key>
			<string>&lt;group&gt;</string>
		</dict>
		<key>F49DDEAC1ACCCB2700A02162</key>
		<dict>
			<key>fileEncoding</key>
			<string>4</string>
			<key>isa</key>
			<string>PBXFileReference</string>
			<key>lastKnownFileType</key>
			<string>sourcecode.c.objc</string>
			<key>path</key>
			<string>IAConstants.m</string>
			<key>sourceTree</key>
			<string>&lt;group&gt;</string>
		</dict>
		<key>F49DDEAD1ACCCB2700A02162</key>
		<dict>
			<key>fileRef</key>
			<string>F49DDEAC1ACCCB2700A02162</string>
			<key>isa</key>
			<string>PBXBuildFile</string>
		</dict>
		<key>F49DDEAE1ACCDA4600A02162</key>
		<dict>
			<key>children</key>
			<array>
				<string>F49DDEAF1ACCDA5C00A02162</string>
				<string>F49DDEB01ACCDA5C00A02162</string>
			</array>
			<key>isa</key>
			<string>PBXGroup</string>
			<key>name</key>
			<string>Crane Inspection Manager</string>
			<key>sourceTree</key>
			<string>&lt;group&gt;</string>
		</dict>
		<key>F49DDEAF1ACCDA5C00A02162</key>
		<dict>
			<key>fileEncoding</key>
			<string>4</string>
			<key>isa</key>
			<string>PBXFileReference</string>
			<key>lastKnownFileType</key>
			<string>sourcecode.c.h</string>
			<key>path</key>
			<string>IACraneInspectionDetailsManager.h</string>
			<key>sourceTree</key>
			<string>&lt;group&gt;</string>
		</dict>
		<key>F49DDEB01ACCDA5C00A02162</key>
		<dict>
			<key>fileEncoding</key>
			<string>4</string>
			<key>isa</key>
			<string>PBXFileReference</string>
			<key>lastKnownFileType</key>
			<string>sourcecode.c.objc</string>
			<key>path</key>
			<string>IACraneInspectionDetailsManager.m</string>
			<key>sourceTree</key>
			<string>&lt;group&gt;</string>
		</dict>
		<key>F49DDEB11ACCDA5C00A02162</key>
		<dict>
			<key>fileRef</key>
			<string>F49DDEB01ACCDA5C00A02162</string>
			<key>isa</key>
			<string>PBXBuildFile</string>
		</dict>
		<key>F49DDEB51ACCDC4800A02162</key>
		<dict>
			<key>children</key>
			<array>
				<string>F453A3B01AD43E3B00319D7A</string>
				<string>F49DDEDD1ACF332900A02162</string>
				<string>F49DDEDE1ACF332900A02162</string>
				<string>F49DDED71ACCED1600A02162</string>
				<string>F49DDED81ACCED1600A02162</string>
				<string>F49DDEE31ACF33F100A02162</string>
				<string>F49DDEE41ACF33F100A02162</string>
				<string>F453A3AD1AD3354700319D7A</string>
				<string>F453A3AE1AD3354700319D7A</string>
				<string>F453A3B31AD43FB200319D7A</string>
				<string>F453A3B41AD43FB200319D7A</string>
			</array>
			<key>isa</key>
			<string>PBXGroup</string>
			<key>name</key>
			<string>Core Data</string>
			<key>sourceTree</key>
			<string>&lt;group&gt;</string>
		</dict>
		<key>F49DDED71ACCED1600A02162</key>
		<dict>
			<key>fileEncoding</key>
			<string>4</string>
			<key>isa</key>
			<string>PBXFileReference</string>
			<key>lastKnownFileType</key>
			<string>sourcecode.c.h</string>
			<key>path</key>
			<string>InspectionCrane.h</string>
			<key>sourceTree</key>
			<string>&lt;group&gt;</string>
		</dict>
		<key>F49DDED81ACCED1600A02162</key>
		<dict>
			<key>fileEncoding</key>
			<string>4</string>
			<key>isa</key>
			<string>PBXFileReference</string>
			<key>lastKnownFileType</key>
			<string>sourcecode.c.objc</string>
			<key>path</key>
			<string>InspectionCrane.m</string>
			<key>sourceTree</key>
			<string>&lt;group&gt;</string>
		</dict>
		<key>F49DDED91ACCED1600A02162</key>
		<dict>
			<key>fileRef</key>
			<string>F49DDED81ACCED1600A02162</string>
			<key>isa</key>
			<string>PBXBuildFile</string>
		</dict>
		<key>F49DDEDD1ACF332900A02162</key>
		<dict>
			<key>fileEncoding</key>
			<string>4</string>
			<key>isa</key>
			<string>PBXFileReference</string>
			<key>lastKnownFileType</key>
			<string>sourcecode.c.h</string>
			<key>path</key>
			<string>InspectionPoint.h</string>
			<key>sourceTree</key>
			<string>&lt;group&gt;</string>
		</dict>
		<key>F49DDEDE1ACF332900A02162</key>
		<dict>
			<key>fileEncoding</key>
			<string>4</string>
			<key>isa</key>
			<string>PBXFileReference</string>
			<key>lastKnownFileType</key>
			<string>sourcecode.c.objc</string>
			<key>path</key>
			<string>InspectionPoint.m</string>
			<key>sourceTree</key>
			<string>&lt;group&gt;</string>
		</dict>
		<key>F49DDEDF1ACF332900A02162</key>
		<dict>
			<key>fileRef</key>
			<string>F49DDEDE1ACF332900A02162</string>
			<key>isa</key>
			<string>PBXBuildFile</string>
		</dict>
		<key>F49DDEE31ACF33F100A02162</key>
		<dict>
			<key>fileEncoding</key>
			<string>4</string>
			<key>isa</key>
			<string>PBXFileReference</string>
			<key>lastKnownFileType</key>
			<string>sourcecode.c.h</string>
			<key>path</key>
			<string>InspectionOption.h</string>
			<key>sourceTree</key>
			<string>&lt;group&gt;</string>
		</dict>
		<key>F49DDEE41ACF33F100A02162</key>
		<dict>
			<key>fileEncoding</key>
			<string>4</string>
			<key>isa</key>
			<string>PBXFileReference</string>
			<key>lastKnownFileType</key>
			<string>sourcecode.c.objc</string>
			<key>path</key>
			<string>InspectionOption.m</string>
			<key>sourceTree</key>
			<string>&lt;group&gt;</string>
		</dict>
		<key>F49DDEE51ACF33F100A02162</key>
		<dict>
			<key>fileRef</key>
			<string>F49DDEE41ACF33F100A02162</string>
			<key>isa</key>
			<string>PBXBuildFile</string>
		</dict>
	</dict>
	<key>rootObject</key>
	<string>8BC58445150ABD87000AC695</string>
</dict>
</plist>
